// !$*UTF8*$!
{
	archiveVersion = 1;
	classes = {
	};
	objectVersion = 45;
	objects = {

/* Begin PBXBuildFile section */
		1D3623260D0F684500981E51 /* Rama_BlocksAppDelegate.m in Sources */ = {isa = PBXBuildFile; fileRef = 1D3623250D0F684500981E51 /* Rama_BlocksAppDelegate.m */; };
		1D60589B0D05DD56006BFB54 /* main.m in Sources */ = {isa = PBXBuildFile; fileRef = 29B97316FDCFA39411CA2CEA /* main.m */; };
		1D60589F0D05DD5A006BFB54 /* Foundation.framework in Frameworks */ = {isa = PBXBuildFile; fileRef = 1D30AB110D05D00D00671497 /* Foundation.framework */; };
		1DF5F4E00D08C38300B7A737 /* UIKit.framework in Frameworks */ = {isa = PBXBuildFile; fileRef = 1DF5F4DF0D08C38300B7A737 /* UIKit.framework */; };
		288765A50DF7441C002DB57D /* CoreGraphics.framework in Frameworks */ = {isa = PBXBuildFile; fileRef = 288765A40DF7441C002DB57D /* CoreGraphics.framework */; };
		28C3AD8A0F43EF2300507BA6 /* Rama_Blocks.xcdatamodel in Sources */ = {isa = PBXBuildFile; fileRef = 28C3AD890F43EF2300507BA6 /* Rama_Blocks.xcdatamodel */; };
		28D801B40F44B63D00FB423F /* CoreData.framework in Frameworks */ = {isa = PBXBuildFile; fileRef = 28D801B30F44B63D00FB423F /* CoreData.framework */; };
		C206BD1B104954AC0048B035 /* level27.png in Resources */ = {isa = PBXBuildFile; fileRef = C206BD07104954AC0048B035 /* level27.png */; };
		C206BD1C104954AC0048B035 /* level22.png in Resources */ = {isa = PBXBuildFile; fileRef = C206BD08104954AC0048B035 /* level22.png */; };
		C206BD1D104954AC0048B035 /* level7.png in Resources */ = {isa = PBXBuildFile; fileRef = C206BD09104954AC0048B035 /* level7.png */; };
		C206BD1E104954AC0048B035 /* level15.png in Resources */ = {isa = PBXBuildFile; fileRef = C206BD0A104954AC0048B035 /* level15.png */; };
		C206BD1F104954AC0048B035 /* level14.png in Resources */ = {isa = PBXBuildFile; fileRef = C206BD0B104954AC0048B035 /* level14.png */; };
		C206BD20104954AC0048B035 /* level20.png in Resources */ = {isa = PBXBuildFile; fileRef = C206BD0C104954AC0048B035 /* level20.png */; };
		C206BD21104954AC0048B035 /* level26.png in Resources */ = {isa = PBXBuildFile; fileRef = C206BD0D104954AC0048B035 /* level26.png */; };
		C206BD22104954AC0048B035 /* level9.png in Resources */ = {isa = PBXBuildFile; fileRef = C206BD0E104954AC0048B035 /* level9.png */; };
		C206BD23104954AC0048B035 /* level13.png in Resources */ = {isa = PBXBuildFile; fileRef = C206BD0F104954AC0048B035 /* level13.png */; };
		C206BD24104954AC0048B035 /* level19.png in Resources */ = {isa = PBXBuildFile; fileRef = C206BD10104954AC0048B035 /* level19.png */; };
		C206BD25104954AC0048B035 /* level25.png in Resources */ = {isa = PBXBuildFile; fileRef = C206BD11104954AC0048B035 /* level25.png */; };
		C206BD26104954AC0048B035 /* level30.png in Resources */ = {isa = PBXBuildFile; fileRef = C206BD12104954AC0048B035 /* level30.png */; };
		C206BD27104954AC0048B035 /* level12.png in Resources */ = {isa = PBXBuildFile; fileRef = C206BD13104954AC0048B035 /* level12.png */; };
		C206BD28104954AC0048B035 /* level18.png in Resources */ = {isa = PBXBuildFile; fileRef = C206BD14104954AC0048B035 /* level18.png */; };
		C206BD29104954AC0048B035 /* level24.png in Resources */ = {isa = PBXBuildFile; fileRef = C206BD15104954AC0048B035 /* level24.png */; };
		C206BD2A104954AC0048B035 /* level29.png in Resources */ = {isa = PBXBuildFile; fileRef = C206BD16104954AC0048B035 /* level29.png */; };
		C206BD2B104954AC0048B035 /* level10.png in Resources */ = {isa = PBXBuildFile; fileRef = C206BD17104954AC0048B035 /* level10.png */; };
		C206BD2C104954AC0048B035 /* level17.png in Resources */ = {isa = PBXBuildFile; fileRef = C206BD18104954AC0048B035 /* level17.png */; };
		C206BD2D104954AC0048B035 /* level23.png in Resources */ = {isa = PBXBuildFile; fileRef = C206BD19104954AC0048B035 /* level23.png */; };
		C206BD2E104954AC0048B035 /* level28.png in Resources */ = {isa = PBXBuildFile; fileRef = C206BD1A104954AC0048B035 /* level28.png */; };
		C206BD30104954B50048B035 /* level8.png in Resources */ = {isa = PBXBuildFile; fileRef = C206BD2F104954B50048B035 /* level8.png */; };
		C280925D1043BCAE00240716 /* redvortex.png in Resources */ = {isa = PBXBuildFile; fileRef = C280925C1043BCAE00240716 /* redvortex.png */; };
		C28092621043BCBA00240716 /* greenvortex.png in Resources */ = {isa = PBXBuildFile; fileRef = C280925E1043BCB900240716 /* greenvortex.png */; };
		C28092631043BCBA00240716 /* bluevortex.png in Resources */ = {isa = PBXBuildFile; fileRef = C280925F1043BCBA00240716 /* bluevortex.png */; };
		C28092641043BCBA00240716 /* yellowvortex.png in Resources */ = {isa = PBXBuildFile; fileRef = C28092601043BCBA00240716 /* yellowvortex.png */; };
		C28092651043BCBA00240716 /* purplevortex.png in Resources */ = {isa = PBXBuildFile; fileRef = C28092611043BCBA00240716 /* purplevortex.png */; };
		C280961E10440A7E00240716 /* redpiece5.png in Resources */ = {isa = PBXBuildFile; fileRef = C280961910440A7E00240716 /* redpiece5.png */; };
		C280961F10440A7E00240716 /* redpiece1.png in Resources */ = {isa = PBXBuildFile; fileRef = C280961A10440A7E00240716 /* redpiece1.png */; };
		C280962010440A7E00240716 /* redpiece3.png in Resources */ = {isa = PBXBuildFile; fileRef = C280961B10440A7E00240716 /* redpiece3.png */; };
		C280962110440A7E00240716 /* redpiece2.png in Resources */ = {isa = PBXBuildFile; fileRef = C280961C10440A7E00240716 /* redpiece2.png */; };
		C280962210440A7E00240716 /* redpiece4.png in Resources */ = {isa = PBXBuildFile; fileRef = C280961D10440A7E00240716 /* redpiece4.png */; };
		C2809B1710447C6D00240716 /* yellowpiece2.png in Resources */ = {isa = PBXBuildFile; fileRef = C2809B1310447C6D00240716 /* yellowpiece2.png */; };
		C2809B1810447C6D00240716 /* yellowpiece1.png in Resources */ = {isa = PBXBuildFile; fileRef = C2809B1410447C6D00240716 /* yellowpiece1.png */; };
		C2809B1910447C6D00240716 /* yellowpiece4.png in Resources */ = {isa = PBXBuildFile; fileRef = C2809B1510447C6D00240716 /* yellowpiece4.png */; };
		C2809B1A10447C6D00240716 /* yellowpiece5.png in Resources */ = {isa = PBXBuildFile; fileRef = C2809B1610447C6D00240716 /* yellowpiece5.png */; };
		C2809B1C10447C7400240716 /* yellowpiece3.png in Resources */ = {isa = PBXBuildFile; fileRef = C2809B1B10447C7400240716 /* yellowpiece3.png */; };
		C2809B2010447C8100240716 /* greenpiece4.png in Resources */ = {isa = PBXBuildFile; fileRef = C2809B1D10447C8100240716 /* greenpiece4.png */; };
		C2809B2110447C8100240716 /* greenpiece3.png in Resources */ = {isa = PBXBuildFile; fileRef = C2809B1E10447C8100240716 /* greenpiece3.png */; };
		C2809B2210447C8100240716 /* greenpiece2.png in Resources */ = {isa = PBXBuildFile; fileRef = C2809B1F10447C8100240716 /* greenpiece2.png */; };
		C2809B2410447C8600240716 /* greenpiece5.png in Resources */ = {isa = PBXBuildFile; fileRef = C2809B2310447C8600240716 /* greenpiece5.png */; };
		C2809B2610447C8C00240716 /* greenpiece1.png in Resources */ = {isa = PBXBuildFile; fileRef = C2809B2510447C8C00240716 /* greenpiece1.png */; };
		C2809B2B10447C9900240716 /* bluepiece2.png in Resources */ = {isa = PBXBuildFile; fileRef = C2809B2710447C9900240716 /* bluepiece2.png */; };
		C2809B2C10447C9900240716 /* bluepiece5.png in Resources */ = {isa = PBXBuildFile; fileRef = C2809B2810447C9900240716 /* bluepiece5.png */; };
		C2809B2D10447C9900240716 /* bluepiece1.png in Resources */ = {isa = PBXBuildFile; fileRef = C2809B2910447C9900240716 /* bluepiece1.png */; };
		C2809B2E10447C9900240716 /* bluepiece4.png in Resources */ = {isa = PBXBuildFile; fileRef = C2809B2A10447C9900240716 /* bluepiece4.png */; };
		C2809B3010447C9F00240716 /* bluepiece3.png in Resources */ = {isa = PBXBuildFile; fileRef = C2809B2F10447C9F00240716 /* bluepiece3.png */; };
		C2809B3410447CAF00240716 /* purplepiece5.png in Resources */ = {isa = PBXBuildFile; fileRef = C2809B3110447CAF00240716 /* purplepiece5.png */; };
		C2809B3510447CAF00240716 /* purplepiece4.png in Resources */ = {isa = PBXBuildFile; fileRef = C2809B3210447CAF00240716 /* purplepiece4.png */; };
		C2809B3610447CAF00240716 /* purplepiece3.png in Resources */ = {isa = PBXBuildFile; fileRef = C2809B3310447CAF00240716 /* purplepiece3.png */; };
		C2809B3810447CB700240716 /* purplepiece2.png in Resources */ = {isa = PBXBuildFile; fileRef = C2809B3710447CB700240716 /* purplepiece2.png */; };
		C2809B3A10447CBC00240716 /* purplepiece1.png in Resources */ = {isa = PBXBuildFile; fileRef = C2809B3910447CBC00240716 /* purplepiece1.png */; };
		C2A2369E1043A52A0095019B /* yellowpentagon.png in Resources */ = {isa = PBXBuildFile; fileRef = C2A2365B1043A5290095019B /* yellowpentagon.png */; };
		C2A2369F1043A52A0095019B /* yellowcircle.png in Resources */ = {isa = PBXBuildFile; fileRef = C2A2365C1043A5290095019B /* yellowcircle.png */; };
		C2A236A01043A52A0095019B /* yellowsquare.png in Resources */ = {isa = PBXBuildFile; fileRef = C2A2365D1043A5290095019B /* yellowsquare.png */; };
		C2A236A11043A52A0095019B /* yellowhexagon.png in Resources */ = {isa = PBXBuildFile; fileRef = C2A2365E1043A5290095019B /* yellowhexagon.png */; };
		C2A236A21043A52A0095019B /* yellowtriangle.png in Resources */ = {isa = PBXBuildFile; fileRef = C2A2365F1043A5290095019B /* yellowtriangle.png */; };
		C2A236A31043A52A0095019B /* greensquare.png in Resources */ = {isa = PBXBuildFile; fileRef = C2A236611043A5290095019B /* greensquare.png */; };
		C2A236A41043A52A0095019B /* greenhexagon.png in Resources */ = {isa = PBXBuildFile; fileRef = C2A236621043A5290095019B /* greenhexagon.png */; };
		C2A236A51043A52A0095019B /* greencircle.png in Resources */ = {isa = PBXBuildFile; fileRef = C2A236631043A5290095019B /* greencircle.png */; };
		C2A236A61043A52A0095019B /* greentriangle.png in Resources */ = {isa = PBXBuildFile; fileRef = C2A236641043A5290095019B /* greentriangle.png */; };
		C2A236A71043A52A0095019B /* greenpentagon.png in Resources */ = {isa = PBXBuildFile; fileRef = C2A236651043A5290095019B /* greenpentagon.png */; };
		C2A236A81043A52A0095019B /* purplehexagon.png in Resources */ = {isa = PBXBuildFile; fileRef = C2A236671043A5290095019B /* purplehexagon.png */; };
		C2A236A91043A52A0095019B /* purplecircle.png in Resources */ = {isa = PBXBuildFile; fileRef = C2A236681043A5290095019B /* purplecircle.png */; };
		C2A236AA1043A52A0095019B /* purpletriangle.png in Resources */ = {isa = PBXBuildFile; fileRef = C2A236691043A5290095019B /* purpletriangle.png */; };
		C2A236AB1043A52A0095019B /* purplesquare.png in Resources */ = {isa = PBXBuildFile; fileRef = C2A2366A1043A5290095019B /* purplesquare.png */; };
		C2A236AC1043A52A0095019B /* purplepentagon.png in Resources */ = {isa = PBXBuildFile; fileRef = C2A2366B1043A5290095019B /* purplepentagon.png */; };
		C2A236AD1043A52A0095019B /* bluetriangle.png in Resources */ = {isa = PBXBuildFile; fileRef = C2A2366D1043A52A0095019B /* bluetriangle.png */; };
		C2A236AE1043A52A0095019B /* bluehexagon.png in Resources */ = {isa = PBXBuildFile; fileRef = C2A2366E1043A52A0095019B /* bluehexagon.png */; };
		C2A236AF1043A52A0095019B /* bluecircle.png in Resources */ = {isa = PBXBuildFile; fileRef = C2A2366F1043A52A0095019B /* bluecircle.png */; };
		C2A236B01043A52A0095019B /* bluesquare.png in Resources */ = {isa = PBXBuildFile; fileRef = C2A236701043A52A0095019B /* bluesquare.png */; };
		C2A236B11043A52A0095019B /* bluepentagon.png in Resources */ = {isa = PBXBuildFile; fileRef = C2A236711043A52A0095019B /* bluepentagon.png */; };
		C2A236B21043A52A0095019B /* redcircle.png in Resources */ = {isa = PBXBuildFile; fileRef = C2A236731043A52A0095019B /* redcircle.png */; };
		C2A236B31043A52A0095019B /* redpentagon.png in Resources */ = {isa = PBXBuildFile; fileRef = C2A236741043A52A0095019B /* redpentagon.png */; };
		C2A236B41043A52A0095019B /* redhexagon.png in Resources */ = {isa = PBXBuildFile; fileRef = C2A236751043A52A0095019B /* redhexagon.png */; };
		C2A236B51043A52A0095019B /* redsquare.png in Resources */ = {isa = PBXBuildFile; fileRef = C2A236761043A52A0095019B /* redsquare.png */; };
		C2A236B61043A52A0095019B /* redtriangle.png in Resources */ = {isa = PBXBuildFile; fileRef = C2A236771043A52A0095019B /* redtriangle.png */; };
		C2A236B71043A52A0095019B /* greyhexagon.png in Resources */ = {isa = PBXBuildFile; fileRef = C2A236791043A52A0095019B /* greyhexagon.png */; };
		C2A236B81043A52A0095019B /* greypentagon.png in Resources */ = {isa = PBXBuildFile; fileRef = C2A2367A1043A52A0095019B /* greypentagon.png */; };
		C2A236B91043A52A0095019B /* greysquare.png in Resources */ = {isa = PBXBuildFile; fileRef = C2A2367B1043A52A0095019B /* greysquare.png */; };
		C2A236BA1043A52A0095019B /* greyCircle.png in Resources */ = {isa = PBXBuildFile; fileRef = C2A2367C1043A52A0095019B /* greyCircle.png */; };
		C2A236BB1043A52A0095019B /* greytriangle.png in Resources */ = {isa = PBXBuildFile; fileRef = C2A2367D1043A52A0095019B /* greytriangle.png */; };
		C2A236BC1043A52A0095019B /* mainMenuTitle.png in Resources */ = {isa = PBXBuildFile; fileRef = C2A2367F1043A52A0095019B /* mainMenuTitle.png */; };
		C2A236BD1043A52A0095019B /* mainMenuButton.png in Resources */ = {isa = PBXBuildFile; fileRef = C2A236801043A52A0095019B /* mainMenuButton.png */; };
		C2A236BE1043A52A0095019B /* mainMenuBackGround.png in Resources */ = {isa = PBXBuildFile; fileRef = C2A236811043A52A0095019B /* mainMenuBackGround.png */; };
		C2A236BF1043A52A0095019B /* mainMenuButtonBackground.png in Resources */ = {isa = PBXBuildFile; fileRef = C2A236821043A52A0095019B /* mainMenuButtonBackground.png */; };
		C2A236C21043A52A0095019B /* lockSet.png in Resources */ = {isa = PBXBuildFile; fileRef = C2A236861043A52A0095019B /* lockSet.png */; };
		C2A236C31043A52A0095019B /* yellowglow.png in Resources */ = {isa = PBXBuildFile; fileRef = C2A236891043A52A0095019B /* yellowglow.png */; };
		C2A236C41043A52A0095019B /* redglow.png in Resources */ = {isa = PBXBuildFile; fileRef = C2A2368A1043A52A0095019B /* redglow.png */; };
		C2A236C51043A52A0095019B /* purpleglow.png in Resources */ = {isa = PBXBuildFile; fileRef = C2A2368B1043A52A0095019B /* purpleglow.png */; };
		C2A236C61043A52A0095019B /* greenglow.png in Resources */ = {isa = PBXBuildFile; fileRef = C2A2368C1043A52A0095019B /* greenglow.png */; };
		C2A236C71043A52A0095019B /* blueglow.png in Resources */ = {isa = PBXBuildFile; fileRef = C2A2368D1043A52A0095019B /* blueglow.png */; };
		C2A236D11043A5410095019B /* LevelSelect.xib in Resources */ = {isa = PBXBuildFile; fileRef = C2A236C81043A5410095019B /* LevelSelect.xib */; };
		C2A236D21043A5410095019B /* MainWindow.xib in Resources */ = {isa = PBXBuildFile; fileRef = C2A236C91043A5410095019B /* MainWindow.xib */; };
		C2A236D31043A5410095019B /* GameBoardViewController.xib in Resources */ = {isa = PBXBuildFile; fileRef = C2A236CA1043A5410095019B /* GameBoardViewController.xib */; };
		C2A236D41043A5410095019B /* AddProfile.xib in Resources */ = {isa = PBXBuildFile; fileRef = C2A236CB1043A5410095019B /* AddProfile.xib */; };
		C2A236D51043A5410095019B /* Tutorial.xib in Resources */ = {isa = PBXBuildFile; fileRef = C2A236CC1043A5410095019B /* Tutorial.xib */; };
		C2A236D61043A5410095019B /* Purchase.xib in Resources */ = {isa = PBXBuildFile; fileRef = C2A236CD1043A5410095019B /* Purchase.xib */; };
		C2A236D71043A5410095019B /* Options.xib in Resources */ = {isa = PBXBuildFile; fileRef = C2A236CE1043A5410095019B /* Options.xib */; };
		C2A236D81043A5410095019B /* MainMenuViewController.xib in Resources */ = {isa = PBXBuildFile; fileRef = C2A236CF1043A5410095019B /* MainMenuViewController.xib */; };
		C2A236D91043A5410095019B /* ProfilePicker.xib in Resources */ = {isa = PBXBuildFile; fileRef = C2A236D01043A5410095019B /* ProfilePicker.xib */; };
		C2B29073103440D2001B31FA /* DrawingView.m in Sources */ = {isa = PBXBuildFile; fileRef = C2B29072103440D2001B31FA /* DrawingView.m */; };
		C2B8FB9C1044A1AE00D36DD3 /* Discard.png in Resources */ = {isa = PBXBuildFile; fileRef = C2B8FB9B1044A1AE00D36DD3 /* Discard.png */; };
		C2BD27991048C230007F05CB /* grayBox.png in Resources */ = {isa = PBXBuildFile; fileRef = C2BD27981048C230007F05CB /* grayBox.png */; };
		C2BD279B1048C236007F05CB /* levelText.png in Resources */ = {isa = PBXBuildFile; fileRef = C2BD279A1048C236007F05CB /* levelText.png */; };
		C2BD27F41048D37A007F05CB /* level6.png in Resources */ = {isa = PBXBuildFile; fileRef = C2BD27EA1048D37A007F05CB /* level6.png */; };
		C2BD27F51048D37A007F05CB /* level11.png in Resources */ = {isa = PBXBuildFile; fileRef = C2BD27EB1048D37A007F05CB /* level11.png */; };
		C2BD27F61048D37A007F05CB /* NumberGrid.png in Resources */ = {isa = PBXBuildFile; fileRef = C2BD27EC1048D37A007F05CB /* NumberGrid.png */; };
		C2BD27F71048D37A007F05CB /* level5.png in Resources */ = {isa = PBXBuildFile; fileRef = C2BD27ED1048D37A007F05CB /* level5.png */; };
		C2BD27F81048D37A007F05CB /* level21.png in Resources */ = {isa = PBXBuildFile; fileRef = C2BD27EE1048D37A007F05CB /* level21.png */; };
		C2BD27F91048D37A007F05CB /* level2.png in Resources */ = {isa = PBXBuildFile; fileRef = C2BD27EF1048D37A007F05CB /* level2.png */; };
		C2BD27FA1048D37A007F05CB /* level3.png in Resources */ = {isa = PBXBuildFile; fileRef = C2BD27F01048D37A007F05CB /* level3.png */; };
		C2BD27FB1048D37A007F05CB /* level4.png in Resources */ = {isa = PBXBuildFile; fileRef = C2BD27F11048D37A007F05CB /* level4.png */; };
		C2BD27FC1048D37A007F05CB /* level16.png in Resources */ = {isa = PBXBuildFile; fileRef = C2BD27F21048D37A007F05CB /* level16.png */; };
		C2BD27FD1048D37A007F05CB /* level1.png in Resources */ = {isa = PBXBuildFile; fileRef = C2BD27F31048D37A007F05CB /* level1.png */; };
		C2BD29631048FEF5007F05CB /* gameBoardGrid.png in Resources */ = {isa = PBXBuildFile; fileRef = C2BD29621048FEF5007F05CB /* gameBoardGrid.png */; };
		C2BD29651048FF01007F05CB /* rotatedSide.png in Resources */ = {isa = PBXBuildFile; fileRef = C2BD29641048FF01007F05CB /* rotatedSide.png */; };
		C2BD29821049019E007F05CB /* upsideDownBack.png in Resources */ = {isa = PBXBuildFile; fileRef = C2BD29811049019E007F05CB /* upsideDownBack.png */; };
		C2BD2984104901D3007F05CB /* rotatedSideRight.png in Resources */ = {isa = PBXBuildFile; fileRef = C2BD2983104901D3007F05CB /* rotatedSideRight.png */; };
		C2E26EC3104982080031A17B /* ItemC.png in Resources */ = {isa = PBXBuildFile; fileRef = C2E26EC2104982080031A17B /* ItemC.png */; };
		FC0B6AA110251BDE00F1BD5E /* LockShape.m in Sources */ = {isa = PBXBuildFile; fileRef = FC0B6AA010251BDE00F1BD5E /* LockShape.m */; };
		FC0B6B7910252C6000F1BD5E /* SoundEffects.m in Sources */ = {isa = PBXBuildFile; fileRef = FC0B6B7810252C6000F1BD5E /* SoundEffects.m */; };
		FC0B6B7C10252E0A00F1BD5E /* SoundPlayer.m in Sources */ = {isa = PBXBuildFile; fileRef = FC0B6B7B10252E0A00F1BD5E /* SoundPlayer.m */; };
		FC0B6B8B102531B600F1BD5E /* AVFoundation.framework in Frameworks */ = {isa = PBXBuildFile; fileRef = FC0B6B8A102531B600F1BD5E /* AVFoundation.framework */; };
		FC0B6C0C102537FB00F1BD5E /* transform.wav in Resources */ = {isa = PBXBuildFile; fileRef = FC0B6C08102537FB00F1BD5E /* transform.wav */; };
		FC0B6C0D102537FB00F1BD5E /* correctColor.wav in Resources */ = {isa = PBXBuildFile; fileRef = FC0B6C09102537FB00F1BD5E /* correctColor.wav */; };
		FC0B6C0E102537FB00F1BD5E /* correctShape.wav in Resources */ = {isa = PBXBuildFile; fileRef = FC0B6C0A102537FB00F1BD5E /* correctShape.wav */; };
		FC0B6C0F102537FB00F1BD5E /* victory.wav in Resources */ = {isa = PBXBuildFile; fileRef = FC0B6C0B102537FB00F1BD5E /* victory.wav */; };
		FC384AC1104C97E400E85205 /* GameState.m in Sources */ = {isa = PBXBuildFile; fileRef = FC384ABA104C97E400E85205 /* GameState.m */; };
		FC384AC2104C97E400E85205 /* ItemState.m in Sources */ = {isa = PBXBuildFile; fileRef = FC384ABC104C97E400E85205 /* ItemState.m */; };
		FC384AC3104C97E400E85205 /* LevelStatistics.m in Sources */ = {isa = PBXBuildFile; fileRef = FC384ABE104C97E400E85205 /* LevelStatistics.m */; };
		FC384B49104DFB9600E85205 /* BoardState.m in Sources */ = {isa = PBXBuildFile; fileRef = FC384B48104DFB9600E85205 /* BoardState.m */; };
		FC4072E4102EC451000B40E8 /* LevelSelect.m in Sources */ = {isa = PBXBuildFile; fileRef = FC4072E2102EC451000B40E8 /* LevelSelect.m */; };
		FC4366B91024CDA000C1F3BE /* UIImage+Shapes.m in Sources */ = {isa = PBXBuildFile; fileRef = FC4366B71024CDA000C1F3BE /* UIImage+Shapes.m */; };
		FC4CADC31026101E00C6F863 /* RamaIcon.png in Resources */ = {isa = PBXBuildFile; fileRef = FC4CADC21026101E00C6F863 /* RamaIcon.png */; };
		FC79C872102F76BA0041930A /* dist.plist in Resources */ = {isa = PBXBuildFile; fileRef = FC79C871102F76BA0041930A /* dist.plist */; };
		FCEF155A102118A800A71C1C /* GameItem.m in Sources */ = {isa = PBXBuildFile; fileRef = FCEF1559102118A800A71C1C /* GameItem.m */; };
		FCEF155D102118F200A71C1C /* Shape.m in Sources */ = {isa = PBXBuildFile; fileRef = FCEF155C102118F200A71C1C /* Shape.m */; };
		FCEF15601021195F00A71C1C /* PowerItem.m in Sources */ = {isa = PBXBuildFile; fileRef = FCEF155F1021195F00A71C1C /* PowerItem.m */; };
		FCEF156C102128AF00A71C1C /* ItemPair.m in Sources */ = {isa = PBXBuildFile; fileRef = FCEF156B102128AF00A71C1C /* ItemPair.m */; };
		FCEF157F10212AB300A71C1C /* Cell.m in Sources */ = {isa = PBXBuildFile; fileRef = FCEF157E10212AB300A71C1C /* Cell.m */; };
		FCEF170210214F0400A71C1C /* Tutorial.m in Sources */ = {isa = PBXBuildFile; fileRef = FCEF16F610214F0400A71C1C /* Tutorial.m */; };
		FCEF170310214F0400A71C1C /* Options.m in Sources */ = {isa = PBXBuildFile; fileRef = FCEF16F810214F0400A71C1C /* Options.m */; };
		FCEF170410214F0400A71C1C /* MainMenuViewController.m in Sources */ = {isa = PBXBuildFile; fileRef = FCEF16FA10214F0400A71C1C /* MainMenuViewController.m */; };
		FCEF170510214F0400A71C1C /* GameBoardViewController.m in Sources */ = {isa = PBXBuildFile; fileRef = FCEF16FC10214F0400A71C1C /* GameBoardViewController.m */; };
		FCEF176610215A7400A71C1C /* ItemCollection.m in Sources */ = {isa = PBXBuildFile; fileRef = FCEF157410212A8800A71C1C /* ItemCollection.m */; };
		FCFD28401024F04B000313B3 /* Level.m in Sources */ = {isa = PBXBuildFile; fileRef = FCFD283F1024F04B000313B3 /* Level.m */; };
/* End PBXBuildFile section */

/* Begin PBXFileReference section */
		1D30AB110D05D00D00671497 /* Foundation.framework */ = {isa = PBXFileReference; lastKnownFileType = wrapper.framework; name = Foundation.framework; path = System/Library/Frameworks/Foundation.framework; sourceTree = SDKROOT; };
		1D3623240D0F684500981E51 /* Rama_BlocksAppDelegate.h */ = {isa = PBXFileReference; fileEncoding = 4; lastKnownFileType = sourcecode.c.h; path = Rama_BlocksAppDelegate.h; sourceTree = "<group>"; };
		1D3623250D0F684500981E51 /* Rama_BlocksAppDelegate.m */ = {isa = PBXFileReference; fileEncoding = 4; lastKnownFileType = sourcecode.c.objc; path = Rama_BlocksAppDelegate.m; sourceTree = "<group>"; };
		1D6058910D05DD3D006BFB54 /* Rama Blocks.app */ = {isa = PBXFileReference; explicitFileType = wrapper.application; includeInIndex = 0; path = "Rama Blocks.app"; sourceTree = BUILT_PRODUCTS_DIR; };
		1DF5F4DF0D08C38300B7A737 /* UIKit.framework */ = {isa = PBXFileReference; lastKnownFileType = wrapper.framework; name = UIKit.framework; path = System/Library/Frameworks/UIKit.framework; sourceTree = SDKROOT; };
		288765A40DF7441C002DB57D /* CoreGraphics.framework */ = {isa = PBXFileReference; lastKnownFileType = wrapper.framework; name = CoreGraphics.framework; path = System/Library/Frameworks/CoreGraphics.framework; sourceTree = SDKROOT; };
		28C3AD890F43EF2300507BA6 /* Rama_Blocks.xcdatamodel */ = {isa = PBXFileReference; fileEncoding = 4; lastKnownFileType = wrapper.xcdatamodel; name = Rama_Blocks.xcdatamodel; path = ../Rama_Blocks.xcdatamodel; sourceTree = "<group>"; };
		28D801B30F44B63D00FB423F /* CoreData.framework */ = {isa = PBXFileReference; lastKnownFileType = wrapper.framework; name = CoreData.framework; path = System/Library/Frameworks/CoreData.framework; sourceTree = SDKROOT; };
		29B97316FDCFA39411CA2CEA /* main.m */ = {isa = PBXFileReference; fileEncoding = 4; lastKnownFileType = sourcecode.c.objc; path = main.m; sourceTree = "<group>"; };
		32CA4F630368D1EE00C91783 /* Rama_Blocks_Prefix.pch */ = {isa = PBXFileReference; fileEncoding = 4; lastKnownFileType = sourcecode.c.h; path = Rama_Blocks_Prefix.pch; sourceTree = "<group>"; };
		8D1107310486CEB800E47090 /* Rama_Blocks-Info.plist */ = {isa = PBXFileReference; fileEncoding = 4; lastKnownFileType = text.plist.xml; path = "Rama_Blocks-Info.plist"; sourceTree = "<group>"; };
		C206BD07104954AC0048B035 /* level27.png */ = {isa = PBXFileReference; lastKnownFileType = image.png; path = level27.png; sourceTree = "<group>"; };
		C206BD08104954AC0048B035 /* level22.png */ = {isa = PBXFileReference; lastKnownFileType = image.png; path = level22.png; sourceTree = "<group>"; };
		C206BD09104954AC0048B035 /* level7.png */ = {isa = PBXFileReference; lastKnownFileType = image.png; path = level7.png; sourceTree = "<group>"; };
		C206BD0A104954AC0048B035 /* level15.png */ = {isa = PBXFileReference; lastKnownFileType = image.png; path = level15.png; sourceTree = "<group>"; };
		C206BD0B104954AC0048B035 /* level14.png */ = {isa = PBXFileReference; lastKnownFileType = image.png; path = level14.png; sourceTree = "<group>"; };
		C206BD0C104954AC0048B035 /* level20.png */ = {isa = PBXFileReference; lastKnownFileType = image.png; path = level20.png; sourceTree = "<group>"; };
		C206BD0D104954AC0048B035 /* level26.png */ = {isa = PBXFileReference; lastKnownFileType = image.png; path = level26.png; sourceTree = "<group>"; };
		C206BD0E104954AC0048B035 /* level9.png */ = {isa = PBXFileReference; lastKnownFileType = image.png; path = level9.png; sourceTree = "<group>"; };
		C206BD0F104954AC0048B035 /* level13.png */ = {isa = PBXFileReference; lastKnownFileType = image.png; path = level13.png; sourceTree = "<group>"; };
		C206BD10104954AC0048B035 /* level19.png */ = {isa = PBXFileReference; lastKnownFileType = image.png; path = level19.png; sourceTree = "<group>"; };
		C206BD11104954AC0048B035 /* level25.png */ = {isa = PBXFileReference; lastKnownFileType = image.png; path = level25.png; sourceTree = "<group>"; };
		C206BD12104954AC0048B035 /* level30.png */ = {isa = PBXFileReference; lastKnownFileType = image.png; path = level30.png; sourceTree = "<group>"; };
		C206BD13104954AC0048B035 /* level12.png */ = {isa = PBXFileReference; lastKnownFileType = image.png; path = level12.png; sourceTree = "<group>"; };
		C206BD14104954AC0048B035 /* level18.png */ = {isa = PBXFileReference; lastKnownFileType = image.png; path = level18.png; sourceTree = "<group>"; };
		C206BD15104954AC0048B035 /* level24.png */ = {isa = PBXFileReference; lastKnownFileType = image.png; path = level24.png; sourceTree = "<group>"; };
		C206BD16104954AC0048B035 /* level29.png */ = {isa = PBXFileReference; lastKnownFileType = image.png; path = level29.png; sourceTree = "<group>"; };
		C206BD17104954AC0048B035 /* level10.png */ = {isa = PBXFileReference; lastKnownFileType = image.png; path = level10.png; sourceTree = "<group>"; };
		C206BD18104954AC0048B035 /* level17.png */ = {isa = PBXFileReference; lastKnownFileType = image.png; path = level17.png; sourceTree = "<group>"; };
		C206BD19104954AC0048B035 /* level23.png */ = {isa = PBXFileReference; lastKnownFileType = image.png; path = level23.png; sourceTree = "<group>"; };
		C206BD1A104954AC0048B035 /* level28.png */ = {isa = PBXFileReference; lastKnownFileType = image.png; path = level28.png; sourceTree = "<group>"; };
		C206BD2F104954B50048B035 /* level8.png */ = {isa = PBXFileReference; lastKnownFileType = image.png; path = level8.png; sourceTree = "<group>"; };
		C280925C1043BCAE00240716 /* redvortex.png */ = {isa = PBXFileReference; lastKnownFileType = image.png; path = redvortex.png; sourceTree = "<group>"; };
		C280925E1043BCB900240716 /* greenvortex.png */ = {isa = PBXFileReference; lastKnownFileType = image.png; path = greenvortex.png; sourceTree = "<group>"; };
		C280925F1043BCBA00240716 /* bluevortex.png */ = {isa = PBXFileReference; lastKnownFileType = image.png; path = bluevortex.png; sourceTree = "<group>"; };
		C28092601043BCBA00240716 /* yellowvortex.png */ = {isa = PBXFileReference; lastKnownFileType = image.png; path = yellowvortex.png; sourceTree = "<group>"; };
		C28092611043BCBA00240716 /* purplevortex.png */ = {isa = PBXFileReference; lastKnownFileType = image.png; path = purplevortex.png; sourceTree = "<group>"; };
		C280961910440A7E00240716 /* redpiece5.png */ = {isa = PBXFileReference; lastKnownFileType = image.png; path = redpiece5.png; sourceTree = "<group>"; };
		C280961A10440A7E00240716 /* redpiece1.png */ = {isa = PBXFileReference; lastKnownFileType = image.png; path = redpiece1.png; sourceTree = "<group>"; };
		C280961B10440A7E00240716 /* redpiece3.png */ = {isa = PBXFileReference; lastKnownFileType = image.png; path = redpiece3.png; sourceTree = "<group>"; };
		C280961C10440A7E00240716 /* redpiece2.png */ = {isa = PBXFileReference; lastKnownFileType = image.png; path = redpiece2.png; sourceTree = "<group>"; };
		C280961D10440A7E00240716 /* redpiece4.png */ = {isa = PBXFileReference; lastKnownFileType = image.png; path = redpiece4.png; sourceTree = "<group>"; };
		C28096761044101E00240716 /* scrap.applescript */ = {isa = PBXFileReference; fileEncoding = 4; lastKnownFileType = sourcecode.applescript; path = scrap.applescript; sourceTree = "<group>"; };
		C2809B1310447C6D00240716 /* yellowpiece2.png */ = {isa = PBXFileReference; lastKnownFileType = image.png; path = yellowpiece2.png; sourceTree = "<group>"; };
		C2809B1410447C6D00240716 /* yellowpiece1.png */ = {isa = PBXFileReference; lastKnownFileType = image.png; path = yellowpiece1.png; sourceTree = "<group>"; };
		C2809B1510447C6D00240716 /* yellowpiece4.png */ = {isa = PBXFileReference; lastKnownFileType = image.png; path = yellowpiece4.png; sourceTree = "<group>"; };
		C2809B1610447C6D00240716 /* yellowpiece5.png */ = {isa = PBXFileReference; lastKnownFileType = image.png; path = yellowpiece5.png; sourceTree = "<group>"; };
		C2809B1B10447C7400240716 /* yellowpiece3.png */ = {isa = PBXFileReference; lastKnownFileType = image.png; path = yellowpiece3.png; sourceTree = "<group>"; };
		C2809B1D10447C8100240716 /* greenpiece4.png */ = {isa = PBXFileReference; lastKnownFileType = image.png; path = greenpiece4.png; sourceTree = "<group>"; };
		C2809B1E10447C8100240716 /* greenpiece3.png */ = {isa = PBXFileReference; lastKnownFileType = image.png; path = greenpiece3.png; sourceTree = "<group>"; };
		C2809B1F10447C8100240716 /* greenpiece2.png */ = {isa = PBXFileReference; lastKnownFileType = image.png; path = greenpiece2.png; sourceTree = "<group>"; };
		C2809B2310447C8600240716 /* greenpiece5.png */ = {isa = PBXFileReference; lastKnownFileType = image.png; path = greenpiece5.png; sourceTree = "<group>"; };
		C2809B2510447C8C00240716 /* greenpiece1.png */ = {isa = PBXFileReference; lastKnownFileType = image.png; path = greenpiece1.png; sourceTree = "<group>"; };
		C2809B2710447C9900240716 /* bluepiece2.png */ = {isa = PBXFileReference; lastKnownFileType = image.png; path = bluepiece2.png; sourceTree = "<group>"; };
		C2809B2810447C9900240716 /* bluepiece5.png */ = {isa = PBXFileReference; lastKnownFileType = image.png; path = bluepiece5.png; sourceTree = "<group>"; };
		C2809B2910447C9900240716 /* bluepiece1.png */ = {isa = PBXFileReference; lastKnownFileType = image.png; path = bluepiece1.png; sourceTree = "<group>"; };
		C2809B2A10447C9900240716 /* bluepiece4.png */ = {isa = PBXFileReference; lastKnownFileType = image.png; path = bluepiece4.png; sourceTree = "<group>"; };
		C2809B2F10447C9F00240716 /* bluepiece3.png */ = {isa = PBXFileReference; lastKnownFileType = image.png; path = bluepiece3.png; sourceTree = "<group>"; };
		C2809B3110447CAF00240716 /* purplepiece5.png */ = {isa = PBXFileReference; lastKnownFileType = image.png; path = purplepiece5.png; sourceTree = "<group>"; };
		C2809B3210447CAF00240716 /* purplepiece4.png */ = {isa = PBXFileReference; lastKnownFileType = image.png; path = purplepiece4.png; sourceTree = "<group>"; };
		C2809B3310447CAF00240716 /* purplepiece3.png */ = {isa = PBXFileReference; lastKnownFileType = image.png; path = purplepiece3.png; sourceTree = "<group>"; };
		C2809B3710447CB700240716 /* purplepiece2.png */ = {isa = PBXFileReference; lastKnownFileType = image.png; path = purplepiece2.png; sourceTree = "<group>"; };
		C2809B3910447CBC00240716 /* purplepiece1.png */ = {isa = PBXFileReference; lastKnownFileType = image.png; path = purplepiece1.png; sourceTree = "<group>"; };
		C2A2365B1043A5290095019B /* yellowpentagon.png */ = {isa = PBXFileReference; lastKnownFileType = image.png; path = yellowpentagon.png; sourceTree = "<group>"; };
		C2A2365C1043A5290095019B /* yellowcircle.png */ = {isa = PBXFileReference; lastKnownFileType = image.png; path = yellowcircle.png; sourceTree = "<group>"; };
		C2A2365D1043A5290095019B /* yellowsquare.png */ = {isa = PBXFileReference; lastKnownFileType = image.png; path = yellowsquare.png; sourceTree = "<group>"; };
		C2A2365E1043A5290095019B /* yellowhexagon.png */ = {isa = PBXFileReference; lastKnownFileType = image.png; path = yellowhexagon.png; sourceTree = "<group>"; };
		C2A2365F1043A5290095019B /* yellowtriangle.png */ = {isa = PBXFileReference; lastKnownFileType = image.png; path = yellowtriangle.png; sourceTree = "<group>"; };
		C2A236611043A5290095019B /* greensquare.png */ = {isa = PBXFileReference; lastKnownFileType = image.png; path = greensquare.png; sourceTree = "<group>"; };
		C2A236621043A5290095019B /* greenhexagon.png */ = {isa = PBXFileReference; lastKnownFileType = image.png; path = greenhexagon.png; sourceTree = "<group>"; };
		C2A236631043A5290095019B /* greencircle.png */ = {isa = PBXFileReference; lastKnownFileType = image.png; path = greencircle.png; sourceTree = "<group>"; };
		C2A236641043A5290095019B /* greentriangle.png */ = {isa = PBXFileReference; lastKnownFileType = image.png; path = greentriangle.png; sourceTree = "<group>"; };
		C2A236651043A5290095019B /* greenpentagon.png */ = {isa = PBXFileReference; lastKnownFileType = image.png; path = greenpentagon.png; sourceTree = "<group>"; };
		C2A236671043A5290095019B /* purplehexagon.png */ = {isa = PBXFileReference; lastKnownFileType = image.png; path = purplehexagon.png; sourceTree = "<group>"; };
		C2A236681043A5290095019B /* purplecircle.png */ = {isa = PBXFileReference; lastKnownFileType = image.png; path = purplecircle.png; sourceTree = "<group>"; };
		C2A236691043A5290095019B /* purpletriangle.png */ = {isa = PBXFileReference; lastKnownFileType = image.png; path = purpletriangle.png; sourceTree = "<group>"; };
		C2A2366A1043A5290095019B /* purplesquare.png */ = {isa = PBXFileReference; lastKnownFileType = image.png; path = purplesquare.png; sourceTree = "<group>"; };
		C2A2366B1043A5290095019B /* purplepentagon.png */ = {isa = PBXFileReference; lastKnownFileType = image.png; path = purplepentagon.png; sourceTree = "<group>"; };
		C2A2366D1043A52A0095019B /* bluetriangle.png */ = {isa = PBXFileReference; lastKnownFileType = image.png; path = bluetriangle.png; sourceTree = "<group>"; };
		C2A2366E1043A52A0095019B /* bluehexagon.png */ = {isa = PBXFileReference; lastKnownFileType = image.png; path = bluehexagon.png; sourceTree = "<group>"; };
		C2A2366F1043A52A0095019B /* bluecircle.png */ = {isa = PBXFileReference; lastKnownFileType = image.png; path = bluecircle.png; sourceTree = "<group>"; };
		C2A236701043A52A0095019B /* bluesquare.png */ = {isa = PBXFileReference; lastKnownFileType = image.png; path = bluesquare.png; sourceTree = "<group>"; };
		C2A236711043A52A0095019B /* bluepentagon.png */ = {isa = PBXFileReference; lastKnownFileType = image.png; path = bluepentagon.png; sourceTree = "<group>"; };
		C2A236731043A52A0095019B /* redcircle.png */ = {isa = PBXFileReference; lastKnownFileType = image.png; path = redcircle.png; sourceTree = "<group>"; };
		C2A236741043A52A0095019B /* redpentagon.png */ = {isa = PBXFileReference; lastKnownFileType = image.png; path = redpentagon.png; sourceTree = "<group>"; };
		C2A236751043A52A0095019B /* redhexagon.png */ = {isa = PBXFileReference; lastKnownFileType = image.png; path = redhexagon.png; sourceTree = "<group>"; };
		C2A236761043A52A0095019B /* redsquare.png */ = {isa = PBXFileReference; lastKnownFileType = image.png; path = redsquare.png; sourceTree = "<group>"; };
		C2A236771043A52A0095019B /* redtriangle.png */ = {isa = PBXFileReference; lastKnownFileType = image.png; path = redtriangle.png; sourceTree = "<group>"; };
		C2A236791043A52A0095019B /* greyhexagon.png */ = {isa = PBXFileReference; lastKnownFileType = image.png; path = greyhexagon.png; sourceTree = "<group>"; };
		C2A2367A1043A52A0095019B /* greypentagon.png */ = {isa = PBXFileReference; lastKnownFileType = image.png; path = greypentagon.png; sourceTree = "<group>"; };
		C2A2367B1043A52A0095019B /* greysquare.png */ = {isa = PBXFileReference; lastKnownFileType = image.png; path = greysquare.png; sourceTree = "<group>"; };
		C2A2367C1043A52A0095019B /* greyCircle.png */ = {isa = PBXFileReference; lastKnownFileType = image.png; path = greyCircle.png; sourceTree = "<group>"; };
		C2A2367D1043A52A0095019B /* greytriangle.png */ = {isa = PBXFileReference; lastKnownFileType = image.png; path = greytriangle.png; sourceTree = "<group>"; };
		C2A2367F1043A52A0095019B /* mainMenuTitle.png */ = {isa = PBXFileReference; lastKnownFileType = image.png; path = mainMenuTitle.png; sourceTree = "<group>"; };
		C2A236801043A52A0095019B /* mainMenuButton.png */ = {isa = PBXFileReference; lastKnownFileType = image.png; path = mainMenuButton.png; sourceTree = "<group>"; };
		C2A236811043A52A0095019B /* mainMenuBackGround.png */ = {isa = PBXFileReference; lastKnownFileType = image.png; path = mainMenuBackGround.png; sourceTree = "<group>"; };
		C2A236821043A52A0095019B /* mainMenuButtonBackground.png */ = {isa = PBXFileReference; lastKnownFileType = image.png; path = mainMenuButtonBackground.png; sourceTree = "<group>"; };
		C2A236861043A52A0095019B /* lockSet.png */ = {isa = PBXFileReference; lastKnownFileType = image.png; path = lockSet.png; sourceTree = "<group>"; };
		C2A236891043A52A0095019B /* yellowglow.png */ = {isa = PBXFileReference; lastKnownFileType = image.png; path = yellowglow.png; sourceTree = "<group>"; };
		C2A2368A1043A52A0095019B /* redglow.png */ = {isa = PBXFileReference; lastKnownFileType = image.png; path = redglow.png; sourceTree = "<group>"; };
		C2A2368B1043A52A0095019B /* purpleglow.png */ = {isa = PBXFileReference; lastKnownFileType = image.png; path = purpleglow.png; sourceTree = "<group>"; };
		C2A2368C1043A52A0095019B /* greenglow.png */ = {isa = PBXFileReference; lastKnownFileType = image.png; path = greenglow.png; sourceTree = "<group>"; };
		C2A2368D1043A52A0095019B /* blueglow.png */ = {isa = PBXFileReference; lastKnownFileType = image.png; path = blueglow.png; sourceTree = "<group>"; };
		C2A236C81043A5410095019B /* LevelSelect.xib */ = {isa = PBXFileReference; lastKnownFileType = file.xib; path = LevelSelect.xib; sourceTree = "<group>"; };
		C2A236C91043A5410095019B /* MainWindow.xib */ = {isa = PBXFileReference; lastKnownFileType = file.xib; path = MainWindow.xib; sourceTree = "<group>"; };
		C2A236CA1043A5410095019B /* GameBoardViewController.xib */ = {isa = PBXFileReference; lastKnownFileType = file.xib; path = GameBoardViewController.xib; sourceTree = "<group>"; };
		C2A236CB1043A5410095019B /* AddProfile.xib */ = {isa = PBXFileReference; lastKnownFileType = file.xib; path = AddProfile.xib; sourceTree = "<group>"; };
		C2A236CC1043A5410095019B /* Tutorial.xib */ = {isa = PBXFileReference; lastKnownFileType = file.xib; path = Tutorial.xib; sourceTree = "<group>"; };
		C2A236CD1043A5410095019B /* Purchase.xib */ = {isa = PBXFileReference; lastKnownFileType = file.xib; path = Purchase.xib; sourceTree = "<group>"; };
		C2A236CE1043A5410095019B /* Options.xib */ = {isa = PBXFileReference; lastKnownFileType = file.xib; path = Options.xib; sourceTree = "<group>"; };
		C2A236CF1043A5410095019B /* MainMenuViewController.xib */ = {isa = PBXFileReference; lastKnownFileType = file.xib; path = MainMenuViewController.xib; sourceTree = "<group>"; };
		C2A236D01043A5410095019B /* ProfilePicker.xib */ = {isa = PBXFileReference; lastKnownFileType = file.xib; path = ProfilePicker.xib; sourceTree = "<group>"; };
		C2B29071103440D2001B31FA /* DrawingView.h */ = {isa = PBXFileReference; fileEncoding = 4; lastKnownFileType = sourcecode.c.h; name = DrawingView.h; path = ../DrawingView.h; sourceTree = "<group>"; };
		C2B29072103440D2001B31FA /* DrawingView.m */ = {isa = PBXFileReference; fileEncoding = 4; lastKnownFileType = sourcecode.c.objc; name = DrawingView.m; path = ../DrawingView.m; sourceTree = "<group>"; };
		C2B8FB9B1044A1AE00D36DD3 /* Discard.png */ = {isa = PBXFileReference; lastKnownFileType = image.png; path = Discard.png; sourceTree = "<group>"; };
		C2BD27981048C230007F05CB /* grayBox.png */ = {isa = PBXFileReference; lastKnownFileType = image.png; path = grayBox.png; sourceTree = "<group>"; };
		C2BD279A1048C236007F05CB /* levelText.png */ = {isa = PBXFileReference; lastKnownFileType = image.png; path = levelText.png; sourceTree = "<group>"; };
		C2BD27EA1048D37A007F05CB /* level6.png */ = {isa = PBXFileReference; lastKnownFileType = image.png; path = level6.png; sourceTree = "<group>"; };
		C2BD27EB1048D37A007F05CB /* level11.png */ = {isa = PBXFileReference; lastKnownFileType = image.png; path = level11.png; sourceTree = "<group>"; };
		C2BD27EC1048D37A007F05CB /* NumberGrid.png */ = {isa = PBXFileReference; lastKnownFileType = image.png; path = NumberGrid.png; sourceTree = "<group>"; };
		C2BD27ED1048D37A007F05CB /* level5.png */ = {isa = PBXFileReference; lastKnownFileType = image.png; path = level5.png; sourceTree = "<group>"; };
		C2BD27EE1048D37A007F05CB /* level21.png */ = {isa = PBXFileReference; lastKnownFileType = image.png; path = level21.png; sourceTree = "<group>"; };
		C2BD27EF1048D37A007F05CB /* level2.png */ = {isa = PBXFileReference; lastKnownFileType = image.png; path = level2.png; sourceTree = "<group>"; };
		C2BD27F01048D37A007F05CB /* level3.png */ = {isa = PBXFileReference; lastKnownFileType = image.png; path = level3.png; sourceTree = "<group>"; };
		C2BD27F11048D37A007F05CB /* level4.png */ = {isa = PBXFileReference; lastKnownFileType = image.png; path = level4.png; sourceTree = "<group>"; };
		C2BD27F21048D37A007F05CB /* level16.png */ = {isa = PBXFileReference; lastKnownFileType = image.png; path = level16.png; sourceTree = "<group>"; };
		C2BD27F31048D37A007F05CB /* level1.png */ = {isa = PBXFileReference; lastKnownFileType = image.png; path = level1.png; sourceTree = "<group>"; };
		C2BD29621048FEF5007F05CB /* gameBoardGrid.png */ = {isa = PBXFileReference; lastKnownFileType = image.png; path = gameBoardGrid.png; sourceTree = "<group>"; };
		C2BD29641048FF01007F05CB /* rotatedSide.png */ = {isa = PBXFileReference; lastKnownFileType = image.png; path = rotatedSide.png; sourceTree = "<group>"; };
		C2BD29811049019E007F05CB /* upsideDownBack.png */ = {isa = PBXFileReference; lastKnownFileType = image.png; path = upsideDownBack.png; sourceTree = "<group>"; };
		C2BD2983104901D3007F05CB /* rotatedSideRight.png */ = {isa = PBXFileReference; lastKnownFileType = image.png; path = rotatedSideRight.png; sourceTree = "<group>"; };
		C2E26EC2104982080031A17B /* ItemC.png */ = {isa = PBXFileReference; lastKnownFileType = image.png; path = ItemC.png; sourceTree = "<group>"; };
		FC0B6A9F10251BDE00F1BD5E /* LockShape.h */ = {isa = PBXFileReference; fileEncoding = 4; lastKnownFileType = sourcecode.c.h; path = LockShape.h; sourceTree = "<group>"; };
		FC0B6AA010251BDE00F1BD5E /* LockShape.m */ = {isa = PBXFileReference; fileEncoding = 4; lastKnownFileType = sourcecode.c.objc; path = LockShape.m; sourceTree = "<group>"; };
		FC0B6B7710252C6000F1BD5E /* SoundEffects.h */ = {isa = PBXFileReference; fileEncoding = 4; lastKnownFileType = sourcecode.c.h; path = SoundEffects.h; sourceTree = "<group>"; };
		FC0B6B7810252C6000F1BD5E /* SoundEffects.m */ = {isa = PBXFileReference; fileEncoding = 4; lastKnownFileType = sourcecode.c.objc; path = SoundEffects.m; sourceTree = "<group>"; };
		FC0B6B7A10252E0A00F1BD5E /* SoundPlayer.h */ = {isa = PBXFileReference; fileEncoding = 4; lastKnownFileType = sourcecode.c.h; path = SoundPlayer.h; sourceTree = "<group>"; };
		FC0B6B7B10252E0A00F1BD5E /* SoundPlayer.m */ = {isa = PBXFileReference; fileEncoding = 4; lastKnownFileType = sourcecode.c.objc; path = SoundPlayer.m; sourceTree = "<group>"; };
		FC0B6B8A102531B600F1BD5E /* AVFoundation.framework */ = {isa = PBXFileReference; lastKnownFileType = wrapper.framework; name = AVFoundation.framework; path = System/Library/Frameworks/AVFoundation.framework; sourceTree = SDKROOT; };
		FC0B6C08102537FB00F1BD5E /* transform.wav */ = {isa = PBXFileReference; lastKnownFileType = audio.wav; path = transform.wav; sourceTree = "<group>"; };
		FC0B6C09102537FB00F1BD5E /* correctColor.wav */ = {isa = PBXFileReference; lastKnownFileType = audio.wav; path = correctColor.wav; sourceTree = "<group>"; };
		FC0B6C0A102537FB00F1BD5E /* correctShape.wav */ = {isa = PBXFileReference; lastKnownFileType = audio.wav; path = correctShape.wav; sourceTree = "<group>"; };
		FC0B6C0B102537FB00F1BD5E /* victory.wav */ = {isa = PBXFileReference; lastKnownFileType = audio.wav; path = victory.wav; sourceTree = "<group>"; };
		FC384AB9104C97E400E85205 /* GameState.h */ = {isa = PBXFileReference; fileEncoding = 4; lastKnownFileType = sourcecode.c.h; path = GameState.h; sourceTree = "<group>"; };
		FC384ABA104C97E400E85205 /* GameState.m */ = {isa = PBXFileReference; fileEncoding = 4; lastKnownFileType = sourcecode.c.objc; path = GameState.m; sourceTree = "<group>"; };
		FC384ABB104C97E400E85205 /* ItemState.h */ = {isa = PBXFileReference; fileEncoding = 4; lastKnownFileType = sourcecode.c.h; path = ItemState.h; sourceTree = "<group>"; };
		FC384ABC104C97E400E85205 /* ItemState.m */ = {isa = PBXFileReference; fileEncoding = 4; lastKnownFileType = sourcecode.c.objc; path = ItemState.m; sourceTree = "<group>"; };
		FC384ABD104C97E400E85205 /* LevelStatistics.h */ = {isa = PBXFileReference; fileEncoding = 4; lastKnownFileType = sourcecode.c.h; path = LevelStatistics.h; sourceTree = "<group>"; };
		FC384ABE104C97E400E85205 /* LevelStatistics.m */ = {isa = PBXFileReference; fileEncoding = 4; lastKnownFileType = sourcecode.c.objc; path = LevelStatistics.m; sourceTree = "<group>"; };
		FC384B47104DFB9600E85205 /* BoardState.h */ = {isa = PBXFileReference; fileEncoding = 4; lastKnownFileType = sourcecode.c.h; path = BoardState.h; sourceTree = "<group>"; };
		FC384B48104DFB9600E85205 /* BoardState.m */ = {isa = PBXFileReference; fileEncoding = 4; lastKnownFileType = sourcecode.c.objc; path = BoardState.m; sourceTree = "<group>"; };
		FC4072E1102EC451000B40E8 /* LevelSelect.h */ = {isa = PBXFileReference; fileEncoding = 4; lastKnownFileType = sourcecode.c.h; path = LevelSelect.h; sourceTree = "<group>"; };
		FC4072E2102EC451000B40E8 /* LevelSelect.m */ = {isa = PBXFileReference; fileEncoding = 4; lastKnownFileType = sourcecode.c.objc; path = LevelSelect.m; sourceTree = "<group>"; };
		FC4366B61024CDA000C1F3BE /* UIImage+Shapes.h */ = {isa = PBXFileReference; fileEncoding = 4; lastKnownFileType = sourcecode.c.h; path = "UIImage+Shapes.h"; sourceTree = "<group>"; };
		FC4366B71024CDA000C1F3BE /* UIImage+Shapes.m */ = {isa = PBXFileReference; fileEncoding = 4; lastKnownFileType = sourcecode.c.objc; path = "UIImage+Shapes.m"; sourceTree = "<group>"; };
		FC4366B81024CDA000C1F3BE /* GlobalDefines.h */ = {isa = PBXFileReference; fileEncoding = 4; lastKnownFileType = sourcecode.c.h; path = GlobalDefines.h; sourceTree = "<group>"; };
		FC4CADC21026101E00C6F863 /* RamaIcon.png */ = {isa = PBXFileReference; lastKnownFileType = image.png; path = RamaIcon.png; sourceTree = "<group>"; };
		FC79C871102F76BA0041930A /* dist.plist */ = {isa = PBXFileReference; fileEncoding = 4; lastKnownFileType = text.plist.xml; path = dist.plist; sourceTree = "<group>"; };
		FCEF1558102118A800A71C1C /* GameItem.h */ = {isa = PBXFileReference; fileEncoding = 4; lastKnownFileType = sourcecode.c.h; path = GameItem.h; sourceTree = "<group>"; };
		FCEF1559102118A800A71C1C /* GameItem.m */ = {isa = PBXFileReference; fileEncoding = 4; lastKnownFileType = sourcecode.c.objc; path = GameItem.m; sourceTree = "<group>"; };
		FCEF155B102118F200A71C1C /* Shape.h */ = {isa = PBXFileReference; fileEncoding = 4; lastKnownFileType = sourcecode.c.h; path = Shape.h; sourceTree = "<group>"; };
		FCEF155C102118F200A71C1C /* Shape.m */ = {isa = PBXFileReference; fileEncoding = 4; lastKnownFileType = sourcecode.c.objc; path = Shape.m; sourceTree = "<group>"; };
		FCEF155E1021195F00A71C1C /* PowerItem.h */ = {isa = PBXFileReference; fileEncoding = 4; lastKnownFileType = sourcecode.c.h; path = PowerItem.h; sourceTree = "<group>"; };
		FCEF155F1021195F00A71C1C /* PowerItem.m */ = {isa = PBXFileReference; fileEncoding = 4; lastKnownFileType = sourcecode.c.objc; path = PowerItem.m; sourceTree = "<group>"; };
		FCEF156A102128AF00A71C1C /* ItemPair.h */ = {isa = PBXFileReference; fileEncoding = 4; lastKnownFileType = sourcecode.c.h; path = ItemPair.h; sourceTree = "<group>"; };
		FCEF156B102128AF00A71C1C /* ItemPair.m */ = {isa = PBXFileReference; fileEncoding = 4; lastKnownFileType = sourcecode.c.objc; path = ItemPair.m; sourceTree = "<group>"; };
		FCEF157310212A8800A71C1C /* ItemCollection.h */ = {isa = PBXFileReference; fileEncoding = 4; lastKnownFileType = sourcecode.c.h; path = ItemCollection.h; sourceTree = "<group>"; };
		FCEF157410212A8800A71C1C /* ItemCollection.m */ = {isa = PBXFileReference; fileEncoding = 4; lastKnownFileType = sourcecode.c.objc; path = ItemCollection.m; sourceTree = "<group>"; };
		FCEF157D10212AB300A71C1C /* Cell.h */ = {isa = PBXFileReference; fileEncoding = 4; lastKnownFileType = sourcecode.c.h; path = Cell.h; sourceTree = "<group>"; };
		FCEF157E10212AB300A71C1C /* Cell.m */ = {isa = PBXFileReference; fileEncoding = 4; lastKnownFileType = sourcecode.c.objc; path = Cell.m; sourceTree = "<group>"; };
		FCEF16F510214F0400A71C1C /* Tutorial.h */ = {isa = PBXFileReference; fileEncoding = 4; lastKnownFileType = sourcecode.c.h; path = Tutorial.h; sourceTree = "<group>"; };
		FCEF16F610214F0400A71C1C /* Tutorial.m */ = {isa = PBXFileReference; fileEncoding = 4; lastKnownFileType = sourcecode.c.objc; path = Tutorial.m; sourceTree = "<group>"; };
		FCEF16F710214F0400A71C1C /* Options.h */ = {isa = PBXFileReference; fileEncoding = 4; lastKnownFileType = sourcecode.c.h; path = Options.h; sourceTree = "<group>"; };
		FCEF16F810214F0400A71C1C /* Options.m */ = {isa = PBXFileReference; fileEncoding = 4; lastKnownFileType = sourcecode.c.objc; path = Options.m; sourceTree = "<group>"; };
		FCEF16F910214F0400A71C1C /* MainMenuViewController.h */ = {isa = PBXFileReference; fileEncoding = 4; lastKnownFileType = sourcecode.c.h; path = MainMenuViewController.h; sourceTree = "<group>"; };
		FCEF16FA10214F0400A71C1C /* MainMenuViewController.m */ = {isa = PBXFileReference; fileEncoding = 4; lastKnownFileType = sourcecode.c.objc; path = MainMenuViewController.m; sourceTree = "<group>"; };
		FCEF16FB10214F0400A71C1C /* GameBoardViewController.h */ = {isa = PBXFileReference; fileEncoding = 4; lastKnownFileType = sourcecode.c.h; path = GameBoardViewController.h; sourceTree = "<group>"; };
		FCEF16FC10214F0400A71C1C /* GameBoardViewController.m */ = {isa = PBXFileReference; fileEncoding = 4; lastKnownFileType = sourcecode.c.objc; path = GameBoardViewController.m; sourceTree = "<group>"; };
		FCFD283E1024F04B000313B3 /* Level.h */ = {isa = PBXFileReference; fileEncoding = 4; lastKnownFileType = sourcecode.c.h; path = Level.h; sourceTree = "<group>"; };
		FCFD283F1024F04B000313B3 /* Level.m */ = {isa = PBXFileReference; fileEncoding = 4; lastKnownFileType = sourcecode.c.objc; path = Level.m; sourceTree = "<group>"; };
/* End PBXFileReference section */

/* Begin PBXFrameworksBuildPhase section */
		1D60588F0D05DD3D006BFB54 /* Frameworks */ = {
			isa = PBXFrameworksBuildPhase;
			buildActionMask = 2147483647;
			files = (
				1D60589F0D05DD5A006BFB54 /* Foundation.framework in Frameworks */,
				1DF5F4E00D08C38300B7A737 /* UIKit.framework in Frameworks */,
				288765A50DF7441C002DB57D /* CoreGraphics.framework in Frameworks */,
				28D801B40F44B63D00FB423F /* CoreData.framework in Frameworks */,
				FC0B6B8B102531B600F1BD5E /* AVFoundation.framework in Frameworks */,
			);
			runOnlyForDeploymentPostprocessing = 0;
		};
/* End PBXFrameworksBuildPhase section */

/* Begin PBXGroup section */
		080E96DDFE201D6D7F000001 /* Classes */ = {
			isa = PBXGroup;
			children = (
				C28096761044101E00240716 /* scrap.applescript */,
				FCEF1555102117B200A71C1C /* Models */,
				FCEF156810211DDF00A71C1C /* Delegates */,
				FCEF1572102129E800A71C1C /* Frameworks */,
				FCEF156D102128C700A71C1C /* Helpers */,
				FCEF1556102117BC00A71C1C /* Controllers */,
			);
			path = Classes;
			sourceTree = "<group>";
		};
		29B97314FDCFA39411CA2CEA /* CustomTemplate */ = {
			isa = PBXGroup;
			children = (
				080E96DDFE201D6D7F000001 /* Classes */,
				29B97317FDCFA39411CA2CEA /* Resources */,
				29B97315FDCFA39411CA2CEA /* Other Sources */,
				29B97323FDCFA39411CA2CEA /* Frameworks */,
				FC79C871102F76BA0041930A /* dist.plist */,
			);
			name = CustomTemplate;
			sourceTree = "<group>";
		};
		29B97315FDCFA39411CA2CEA /* Other Sources */ = {
			isa = PBXGroup;
			children = (
				1D6058910D05DD3D006BFB54 /* Rama Blocks.app */,
				32CA4F630368D1EE00C91783 /* Rama_Blocks_Prefix.pch */,
				29B97316FDCFA39411CA2CEA /* main.m */,
			);
			name = "Other Sources";
			sourceTree = "<group>";
		};
		29B97317FDCFA39411CA2CEA /* Resources */ = {
			isa = PBXGroup;
			children = (
				FC0B6C3410253A9100F1BD5E /* State */,
				FC4CADC21026101E00C6F863 /* RamaIcon.png */,
				FC0B6C07102537FB00F1BD5E /* Audio */,
				FCEF17D41021645900A71C1C /* Nibs */,
				FCEF17D31021644E00A71C1C /* Images */,
				8D1107310486CEB800E47090 /* Rama_Blocks-Info.plist */,
			);
			name = Resources;
			sourceTree = "<group>";
		};
		29B97323FDCFA39411CA2CEA /* Frameworks */ = {
			isa = PBXGroup;
			children = (
				FC0B6B8A102531B600F1BD5E /* AVFoundation.framework */,
				1DF5F4DF0D08C38300B7A737 /* UIKit.framework */,
				1D30AB110D05D00D00671497 /* Foundation.framework */,
				288765A40DF7441C002DB57D /* CoreGraphics.framework */,
				28D801B30F44B63D00FB423F /* CoreData.framework */,
			);
			name = Frameworks;
			sourceTree = "<group>";
		};
		C280961710440A4B00240716 /* Transforms */ = {
			isa = PBXGroup;
			children = (
				C2809B1010447C5800240716 /* Purple Pieces */,
				C2809B0F10447C4D00240716 /* Yellow Pieces */,
				C2809B0E10447C4500240716 /* Blue Pieces */,
				C2809B0D10447C3800240716 /* Green Pieces */,
				C280961810440A5900240716 /* Red Pieces */,
			);
			name = Transforms;
			sourceTree = "<group>";
		};
		C280961810440A5900240716 /* Red Pieces */ = {
			isa = PBXGroup;
			children = (
				C280961910440A7E00240716 /* redpiece5.png */,
				C280961A10440A7E00240716 /* redpiece1.png */,
				C280961B10440A7E00240716 /* redpiece3.png */,
				C280961C10440A7E00240716 /* redpiece2.png */,
				C280961D10440A7E00240716 /* redpiece4.png */,
			);
			name = "Red Pieces";
			sourceTree = "<group>";
		};
		C2809B0D10447C3800240716 /* Green Pieces */ = {
			isa = PBXGroup;
			children = (
				C2809B1D10447C8100240716 /* greenpiece4.png */,
				C2809B2310447C8600240716 /* greenpiece5.png */,
				C2809B2510447C8C00240716 /* greenpiece1.png */,
				C2809B1E10447C8100240716 /* greenpiece3.png */,
				C2809B1F10447C8100240716 /* greenpiece2.png */,
			);
			name = "Green Pieces";
			sourceTree = "<group>";
		};
		C2809B0E10447C4500240716 /* Blue Pieces */ = {
			isa = PBXGroup;
			children = (
				C2809B2710447C9900240716 /* bluepiece2.png */,
				C2809B2810447C9900240716 /* bluepiece5.png */,
				C2809B2F10447C9F00240716 /* bluepiece3.png */,
				C2809B2910447C9900240716 /* bluepiece1.png */,
				C2809B2A10447C9900240716 /* bluepiece4.png */,
			);
			name = "Blue Pieces";
			sourceTree = "<group>";
		};
		C2809B0F10447C4D00240716 /* Yellow Pieces */ = {
			isa = PBXGroup;
			children = (
				C2809B1B10447C7400240716 /* yellowpiece3.png */,
				C2809B1310447C6D00240716 /* yellowpiece2.png */,
				C2809B1410447C6D00240716 /* yellowpiece1.png */,
				C2809B1510447C6D00240716 /* yellowpiece4.png */,
				C2809B1610447C6D00240716 /* yellowpiece5.png */,
			);
			name = "Yellow Pieces";
			sourceTree = "<group>";
		};
		C2809B1010447C5800240716 /* Purple Pieces */ = {
			isa = PBXGroup;
			children = (
				C2809B3110447CAF00240716 /* purplepiece5.png */,
				C2809B3210447CAF00240716 /* purplepiece4.png */,
				C2809B3910447CBC00240716 /* purplepiece1.png */,
				C2809B3710447CB700240716 /* purplepiece2.png */,
				C2809B3310447CAF00240716 /* purplepiece3.png */,
			);
			name = "Purple Pieces";
			sourceTree = "<group>";
		};
		C2A2365A1043A5290095019B /* Yellow Shapes */ = {
			isa = PBXGroup;
			children = (
				C2A2365B1043A5290095019B /* yellowpentagon.png */,
				C2A2365C1043A5290095019B /* yellowcircle.png */,
				C2A2365D1043A5290095019B /* yellowsquare.png */,
				C2A2365E1043A5290095019B /* yellowhexagon.png */,
				C2A2365F1043A5290095019B /* yellowtriangle.png */,
			);
			name = "Yellow Shapes";
			sourceTree = "<group>";
		};
		C2A236601043A5290095019B /* Green Shapes */ = {
			isa = PBXGroup;
			children = (
				C2A236611043A5290095019B /* greensquare.png */,
				C2A236621043A5290095019B /* greenhexagon.png */,
				C2A236631043A5290095019B /* greencircle.png */,
				C2A236641043A5290095019B /* greentriangle.png */,
				C2A236651043A5290095019B /* greenpentagon.png */,
			);
			name = "Green Shapes";
			sourceTree = "<group>";
		};
		C2A236661043A5290095019B /* Purple Shapes */ = {
			isa = PBXGroup;
			children = (
				C2A236671043A5290095019B /* purplehexagon.png */,
				C2A236681043A5290095019B /* purplecircle.png */,
				C2A236691043A5290095019B /* purpletriangle.png */,
				C2A2366A1043A5290095019B /* purplesquare.png */,
				C2A2366B1043A5290095019B /* purplepentagon.png */,
			);
			name = "Purple Shapes";
			sourceTree = "<group>";
		};
		C2A2366C1043A5290095019B /* Blue Shapes */ = {
			isa = PBXGroup;
			children = (
				C2A2366D1043A52A0095019B /* bluetriangle.png */,
				C2A2366E1043A52A0095019B /* bluehexagon.png */,
				C2A2366F1043A52A0095019B /* bluecircle.png */,
				C2A236701043A52A0095019B /* bluesquare.png */,
				C2A236711043A52A0095019B /* bluepentagon.png */,
			);
			name = "Blue Shapes";
			sourceTree = "<group>";
		};
		C2A236721043A52A0095019B /* Red Shapes */ = {
			isa = PBXGroup;
			children = (
				C2A236731043A52A0095019B /* redcircle.png */,
				C2A236741043A52A0095019B /* redpentagon.png */,
				C2A236751043A52A0095019B /* redhexagon.png */,
				C2A236761043A52A0095019B /* redsquare.png */,
				C2A236771043A52A0095019B /* redtriangle.png */,
			);
			name = "Red Shapes";
			sourceTree = "<group>";
		};
		C2A236781043A52A0095019B /* Grey Shapes */ = {
			isa = PBXGroup;
			children = (
				C2A236791043A52A0095019B /* greyhexagon.png */,
				C2A2367A1043A52A0095019B /* greypentagon.png */,
				C2A2367B1043A52A0095019B /* greysquare.png */,
				C2A2367C1043A52A0095019B /* greyCircle.png */,
				C2A2367D1043A52A0095019B /* greytriangle.png */,
			);
			name = "Grey Shapes";
			sourceTree = "<group>";
		};
		C2A2367E1043A52A0095019B /* MainMenuGraphics */ = {
			isa = PBXGroup;
			children = (
				C2BD27DD1048D35D007F05CB /* Number Grid */,
				C2BD279A1048C236007F05CB /* levelText.png */,
				C2BD27981048C230007F05CB /* grayBox.png */,
				C2A2367F1043A52A0095019B /* mainMenuTitle.png */,
				C2A236821043A52A0095019B /* mainMenuButtonBackground.png */,
				C2A236801043A52A0095019B /* mainMenuButton.png */,
				C2A236811043A52A0095019B /* mainMenuBackGround.png */,
			);
			name = MainMenuGraphics;
			sourceTree = "<group>";
		};
		C2A236831043A52A0095019B /* GameBoardGraphics */ = {
			isa = PBXGroup;
			children = (
				C2B8FB9B1044A1AE00D36DD3 /* Discard.png */,
				C2BD29811049019E007F05CB /* upsideDownBack.png */,
				C2E26EC2104982080031A17B /* ItemC.png */,
				C2BD2983104901D3007F05CB /* rotatedSideRight.png */,
				C2BD29621048FEF5007F05CB /* gameBoardGrid.png */,
				C2BD29641048FF01007F05CB /* rotatedSide.png */,
				C2A236861043A52A0095019B /* lockSet.png */,
			);
			name = GameBoardGraphics;
			sourceTree = "<group>";
		};
		C2A236871043A52A0095019B /* Powerups */ = {
			isa = PBXGroup;
			children = (
				C280925E1043BCB900240716 /* greenvortex.png */,
				C280925F1043BCBA00240716 /* bluevortex.png */,
				C28092601043BCBA00240716 /* yellowvortex.png */,
				C28092611043BCBA00240716 /* purplevortex.png */,
				C280925C1043BCAE00240716 /* redvortex.png */,
			);
			name = Powerups;
			sourceTree = "<group>";
		};
		C2A236881043A52A0095019B /* Lock Glow */ = {
			isa = PBXGroup;
			children = (
				C2A236891043A52A0095019B /* yellowglow.png */,
				C2A2368A1043A52A0095019B /* redglow.png */,
				C2A2368B1043A52A0095019B /* purpleglow.png */,
				C2A2368C1043A52A0095019B /* greenglow.png */,
				C2A2368D1043A52A0095019B /* blueglow.png */,
			);
			name = "Lock Glow";
			sourceTree = "<group>";
		};
		C2BD27DD1048D35D007F05CB /* Number Grid */ = {
			isa = PBXGroup;
			children = (
				C206BD07104954AC0048B035 /* level27.png */,
				C206BD08104954AC0048B035 /* level22.png */,
				C206BD09104954AC0048B035 /* level7.png */,
				C206BD0A104954AC0048B035 /* level15.png */,
				C206BD0B104954AC0048B035 /* level14.png */,
				C206BD2F104954B50048B035 /* level8.png */,
				C206BD0C104954AC0048B035 /* level20.png */,
				C206BD0D104954AC0048B035 /* level26.png */,
				C206BD0E104954AC0048B035 /* level9.png */,
				C206BD0F104954AC0048B035 /* level13.png */,
				C206BD10104954AC0048B035 /* level19.png */,
				C206BD11104954AC0048B035 /* level25.png */,
				C206BD12104954AC0048B035 /* level30.png */,
				C206BD13104954AC0048B035 /* level12.png */,
				C206BD14104954AC0048B035 /* level18.png */,
				C206BD15104954AC0048B035 /* level24.png */,
				C206BD16104954AC0048B035 /* level29.png */,
				C206BD17104954AC0048B035 /* level10.png */,
				C206BD18104954AC0048B035 /* level17.png */,
				C206BD19104954AC0048B035 /* level23.png */,
				C206BD1A104954AC0048B035 /* level28.png */,
				C2BD27EA1048D37A007F05CB /* level6.png */,
				C2BD27EB1048D37A007F05CB /* level11.png */,
				C2BD27EC1048D37A007F05CB /* NumberGrid.png */,
				C2BD27ED1048D37A007F05CB /* level5.png */,
				C2BD27EE1048D37A007F05CB /* level21.png */,
				C2BD27EF1048D37A007F05CB /* level2.png */,
				C2BD27F01048D37A007F05CB /* level3.png */,
				C2BD27F11048D37A007F05CB /* level4.png */,
				C2BD27F21048D37A007F05CB /* level16.png */,
				C2BD27F31048D37A007F05CB /* level1.png */,
			);
			name = "Number Grid";
			sourceTree = "<group>";
		};
		FC0B6B7610252C4900F1BD5E /* Audio */ = {
			isa = PBXGroup;
			children = (
				FC0B6B7710252C6000F1BD5E /* SoundEffects.h */,
				FC0B6B7810252C6000F1BD5E /* SoundEffects.m */,
				FC0B6B7A10252E0A00F1BD5E /* SoundPlayer.h */,
				FC0B6B7B10252E0A00F1BD5E /* SoundPlayer.m */,
			);
			name = Audio;
			sourceTree = "<group>";
		};
		FC0B6C07102537FB00F1BD5E /* Audio */ = {
			isa = PBXGroup;
			children = (
				FC0B6C08102537FB00F1BD5E /* transform.wav */,
				FC0B6C09102537FB00F1BD5E /* correctColor.wav */,
				FC0B6C0A102537FB00F1BD5E /* correctShape.wav */,
				FC0B6C0B102537FB00F1BD5E /* victory.wav */,
			);
			name = Audio;
			sourceTree = "<group>";
		};
		FC0B6C3410253A9100F1BD5E /* State */ = {
			isa = PBXGroup;
			children = (
				FC384B47104DFB9600E85205 /* BoardState.h */,
				FC384B48104DFB9600E85205 /* BoardState.m */,
				FC384AB9104C97E400E85205 /* GameState.h */,
				FC384ABA104C97E400E85205 /* GameState.m */,
				FC384ABB104C97E400E85205 /* ItemState.h */,
				FC384ABC104C97E400E85205 /* ItemState.m */,
				FC384ABD104C97E400E85205 /* LevelStatistics.h */,
				FC384ABE104C97E400E85205 /* LevelStatistics.m */,
				28C3AD890F43EF2300507BA6 /* Rama_Blocks.xcdatamodel */,
			);
			name = State;
			path = Classes;
			sourceTree = "<group>";
		};
		FCEF1555102117B200A71C1C /* Models */ = {
			isa = PBXGroup;
			children = (
				FCEF156710211DC900A71C1C /* Items */,
				FCEF156910211DEA00A71C1C /* Collections */,
			);
			name = Models;
			sourceTree = "<group>";
		};
		FCEF1556102117BC00A71C1C /* Controllers */ = {
			isa = PBXGroup;
			children = (
				FC4072E1102EC451000B40E8 /* LevelSelect.h */,
				FC4072E2102EC451000B40E8 /* LevelSelect.m */,
				FCEF16F510214F0400A71C1C /* Tutorial.h */,
				FCEF16F610214F0400A71C1C /* Tutorial.m */,
				FCEF16F710214F0400A71C1C /* Options.h */,
				FCEF16F810214F0400A71C1C /* Options.m */,
				FCEF16F910214F0400A71C1C /* MainMenuViewController.h */,
				FCEF16FA10214F0400A71C1C /* MainMenuViewController.m */,
				FCEF16FB10214F0400A71C1C /* GameBoardViewController.h */,
				FCEF16FC10214F0400A71C1C /* GameBoardViewController.m */,
			);
			name = Controllers;
			sourceTree = "<group>";
		};
		FCEF156710211DC900A71C1C /* Items */ = {
			isa = PBXGroup;
			children = (
				C2B29071103440D2001B31FA /* DrawingView.h */,
				C2B29072103440D2001B31FA /* DrawingView.m */,
				FC0B6A9F10251BDE00F1BD5E /* LockShape.h */,
				FC0B6AA010251BDE00F1BD5E /* LockShape.m */,
				FCEF1558102118A800A71C1C /* GameItem.h */,
				FCEF1559102118A800A71C1C /* GameItem.m */,
				FCEF155B102118F200A71C1C /* Shape.h */,
				FCEF155C102118F200A71C1C /* Shape.m */,
				FCEF155E1021195F00A71C1C /* PowerItem.h */,
				FCEF155F1021195F00A71C1C /* PowerItem.m */,
				FCFD283E1024F04B000313B3 /* Level.h */,
				FCFD283F1024F04B000313B3 /* Level.m */,
			);
			name = Items;
			sourceTree = "<group>";
		};
		FCEF156810211DDF00A71C1C /* Delegates */ = {
			isa = PBXGroup;
			children = (
				1D3623240D0F684500981E51 /* Rama_BlocksAppDelegate.h */,
				1D3623250D0F684500981E51 /* Rama_BlocksAppDelegate.m */,
			);
			name = Delegates;
			sourceTree = "<group>";
		};
		FCEF156910211DEA00A71C1C /* Collections */ = {
			isa = PBXGroup;
			children = (
				FCEF156A102128AF00A71C1C /* ItemPair.h */,
				FCEF156B102128AF00A71C1C /* ItemPair.m */,
				FCEF157310212A8800A71C1C /* ItemCollection.h */,
				FCEF157410212A8800A71C1C /* ItemCollection.m */,
				FCEF157D10212AB300A71C1C /* Cell.h */,
				FCEF157E10212AB300A71C1C /* Cell.m */,
			);
			name = Collections;
			sourceTree = "<group>";
		};
		FCEF156D102128C700A71C1C /* Helpers */ = {
			isa = PBXGroup;
			children = (
				FC4366B61024CDA000C1F3BE /* UIImage+Shapes.h */,
				FC4366B71024CDA000C1F3BE /* UIImage+Shapes.m */,
				FC4366B81024CDA000C1F3BE /* GlobalDefines.h */,
			);
			name = Helpers;
			sourceTree = "<group>";
		};
		FCEF1572102129E800A71C1C /* Frameworks */ = {
			isa = PBXGroup;
			children = (
				FC0B6B7610252C4900F1BD5E /* Audio */,
			);
			name = Frameworks;
			sourceTree = "<group>";
		};
		FCEF17D31021644E00A71C1C /* Images */ = {
			isa = PBXGroup;
			children = (
				C280961710440A4B00240716 /* Transforms */,
				C2A236881043A52A0095019B /* Lock Glow */,
				C2A236871043A52A0095019B /* Powerups */,
				C2A236831043A52A0095019B /* GameBoardGraphics */,
				C2A2367E1043A52A0095019B /* MainMenuGraphics */,
				C2A236781043A52A0095019B /* Grey Shapes */,
				C2A236721043A52A0095019B /* Red Shapes */,
				C2A2366C1043A5290095019B /* Blue Shapes */,
				C2A236661043A5290095019B /* Purple Shapes */,
				C2A236601043A5290095019B /* Green Shapes */,
				C2A2365A1043A5290095019B /* Yellow Shapes */,
			);
			name = Images;
			sourceTree = "<group>";
		};
		FCEF17D41021645900A71C1C /* Nibs */ = {
			isa = PBXGroup;
			children = (
				C2A236C81043A5410095019B /* LevelSelect.xib */,
				C2A236C91043A5410095019B /* MainWindow.xib */,
				C2A236CA1043A5410095019B /* GameBoardViewController.xib */,
				C2A236CB1043A5410095019B /* AddProfile.xib */,
				C2A236CC1043A5410095019B /* Tutorial.xib */,
				C2A236CD1043A5410095019B /* Purchase.xib */,
				C2A236CE1043A5410095019B /* Options.xib */,
				C2A236CF1043A5410095019B /* MainMenuViewController.xib */,
				C2A236D01043A5410095019B /* ProfilePicker.xib */,
			);
			name = Nibs;
			sourceTree = "<group>";
		};
/* End PBXGroup section */

/* Begin PBXNativeTarget section */
		1D6058900D05DD3D006BFB54 /* Rama Blocks */ = {
			isa = PBXNativeTarget;
			buildConfigurationList = 1D6058960D05DD3E006BFB54 /* Build configuration list for PBXNativeTarget "Rama Blocks" */;
			buildPhases = (
				1D60588D0D05DD3D006BFB54 /* Resources */,
				1D60588E0D05DD3D006BFB54 /* Sources */,
				1D60588F0D05DD3D006BFB54 /* Frameworks */,
			);
			buildRules = (
			);
			dependencies = (
			);
			name = "Rama Blocks";
			productName = "Rama Blocks";
			productReference = 1D6058910D05DD3D006BFB54 /* Rama Blocks.app */;
			productType = "com.apple.product-type.application";
		};
/* End PBXNativeTarget section */

/* Begin PBXProject section */
		29B97313FDCFA39411CA2CEA /* Project object */ = {
			isa = PBXProject;
			attributes = {
				BuildIndependentTargetsInParallel = NO;
			};
			buildConfigurationList = C01FCF4E08A954540054247B /* Build configuration list for PBXProject "Rama Blocks" */;
			compatibilityVersion = "Xcode 3.1";
			hasScannedForEncodings = 1;
			mainGroup = 29B97314FDCFA39411CA2CEA /* CustomTemplate */;
			projectDirPath = "";
			projectRoot = "";
			targets = (
				1D6058900D05DD3D006BFB54 /* Rama Blocks */,
			);
		};
/* End PBXProject section */

/* Begin PBXResourcesBuildPhase section */
		1D60588D0D05DD3D006BFB54 /* Resources */ = {
			isa = PBXResourcesBuildPhase;
			buildActionMask = 2147483647;
			files = (
				FC0B6C0C102537FB00F1BD5E /* transform.wav in Resources */,
				FC0B6C0D102537FB00F1BD5E /* correctColor.wav in Resources */,
				FC0B6C0E102537FB00F1BD5E /* correctShape.wav in Resources */,
				FC0B6C0F102537FB00F1BD5E /* victory.wav in Resources */,
				FC4CADC31026101E00C6F863 /* RamaIcon.png in Resources */,
				FC79C872102F76BA0041930A /* dist.plist in Resources */,
				C2A2369E1043A52A0095019B /* yellowpentagon.png in Resources */,
				C2A2369F1043A52A0095019B /* yellowcircle.png in Resources */,
				C2A236A01043A52A0095019B /* yellowsquare.png in Resources */,
				C2A236A11043A52A0095019B /* yellowhexagon.png in Resources */,
				C2A236A21043A52A0095019B /* yellowtriangle.png in Resources */,
				C2A236A31043A52A0095019B /* greensquare.png in Resources */,
				C2A236A41043A52A0095019B /* greenhexagon.png in Resources */,
				C2A236A51043A52A0095019B /* greencircle.png in Resources */,
				C2A236A61043A52A0095019B /* greentriangle.png in Resources */,
				C2A236A71043A52A0095019B /* greenpentagon.png in Resources */,
				C2A236A81043A52A0095019B /* purplehexagon.png in Resources */,
				C2A236A91043A52A0095019B /* purplecircle.png in Resources */,
				C2A236AA1043A52A0095019B /* purpletriangle.png in Resources */,
				C2A236AB1043A52A0095019B /* purplesquare.png in Resources */,
				C2A236AC1043A52A0095019B /* purplepentagon.png in Resources */,
				C2A236AD1043A52A0095019B /* bluetriangle.png in Resources */,
				C2A236AE1043A52A0095019B /* bluehexagon.png in Resources */,
				C2A236AF1043A52A0095019B /* bluecircle.png in Resources */,
				C2A236B01043A52A0095019B /* bluesquare.png in Resources */,
				C2A236B11043A52A0095019B /* bluepentagon.png in Resources */,
				C2A236B21043A52A0095019B /* redcircle.png in Resources */,
				C2A236B31043A52A0095019B /* redpentagon.png in Resources */,
				C2A236B41043A52A0095019B /* redhexagon.png in Resources */,
				C2A236B51043A52A0095019B /* redsquare.png in Resources */,
				C2A236B61043A52A0095019B /* redtriangle.png in Resources */,
				C2A236B71043A52A0095019B /* greyhexagon.png in Resources */,
				C2A236B81043A52A0095019B /* greypentagon.png in Resources */,
				C2A236B91043A52A0095019B /* greysquare.png in Resources */,
				C2A236BA1043A52A0095019B /* greyCircle.png in Resources */,
				C2A236BB1043A52A0095019B /* greytriangle.png in Resources */,
				C2A236BC1043A52A0095019B /* mainMenuTitle.png in Resources */,
				C2A236BD1043A52A0095019B /* mainMenuButton.png in Resources */,
				C2A236BE1043A52A0095019B /* mainMenuBackGround.png in Resources */,
				C2A236BF1043A52A0095019B /* mainMenuButtonBackground.png in Resources */,
				C2A236C21043A52A0095019B /* lockSet.png in Resources */,
				C2A236C31043A52A0095019B /* yellowglow.png in Resources */,
				C2A236C41043A52A0095019B /* redglow.png in Resources */,
				C2A236C51043A52A0095019B /* purpleglow.png in Resources */,
				C2A236C61043A52A0095019B /* greenglow.png in Resources */,
				C2A236C71043A52A0095019B /* blueglow.png in Resources */,
				C2A236D11043A5410095019B /* LevelSelect.xib in Resources */,
				C2A236D21043A5410095019B /* MainWindow.xib in Resources */,
				C2A236D31043A5410095019B /* GameBoardViewController.xib in Resources */,
				C2A236D41043A5410095019B /* AddProfile.xib in Resources */,
				C2A236D51043A5410095019B /* Tutorial.xib in Resources */,
				C2A236D61043A5410095019B /* Purchase.xib in Resources */,
				C2A236D71043A5410095019B /* Options.xib in Resources */,
				C2A236D81043A5410095019B /* MainMenuViewController.xib in Resources */,
				C2A236D91043A5410095019B /* ProfilePicker.xib in Resources */,
				C280925D1043BCAE00240716 /* redvortex.png in Resources */,
				C28092621043BCBA00240716 /* greenvortex.png in Resources */,
				C28092631043BCBA00240716 /* bluevortex.png in Resources */,
				C28092641043BCBA00240716 /* yellowvortex.png in Resources */,
				C28092651043BCBA00240716 /* purplevortex.png in Resources */,
				C280961E10440A7E00240716 /* redpiece5.png in Resources */,
				C280961F10440A7E00240716 /* redpiece1.png in Resources */,
				C280962010440A7E00240716 /* redpiece3.png in Resources */,
				C280962110440A7E00240716 /* redpiece2.png in Resources */,
				C280962210440A7E00240716 /* redpiece4.png in Resources */,
				C2809B1710447C6D00240716 /* yellowpiece2.png in Resources */,
				C2809B1810447C6D00240716 /* yellowpiece1.png in Resources */,
				C2809B1910447C6D00240716 /* yellowpiece4.png in Resources */,
				C2809B1A10447C6D00240716 /* yellowpiece5.png in Resources */,
				C2809B1C10447C7400240716 /* yellowpiece3.png in Resources */,
				C2809B2010447C8100240716 /* greenpiece4.png in Resources */,
				C2809B2110447C8100240716 /* greenpiece3.png in Resources */,
				C2809B2210447C8100240716 /* greenpiece2.png in Resources */,
				C2809B2410447C8600240716 /* greenpiece5.png in Resources */,
				C2809B2610447C8C00240716 /* greenpiece1.png in Resources */,
				C2809B2B10447C9900240716 /* bluepiece2.png in Resources */,
				C2809B2C10447C9900240716 /* bluepiece5.png in Resources */,
				C2809B2D10447C9900240716 /* bluepiece1.png in Resources */,
				C2809B2E10447C9900240716 /* bluepiece4.png in Resources */,
				C2809B3010447C9F00240716 /* bluepiece3.png in Resources */,
				C2809B3410447CAF00240716 /* purplepiece5.png in Resources */,
				C2809B3510447CAF00240716 /* purplepiece4.png in Resources */,
				C2809B3610447CAF00240716 /* purplepiece3.png in Resources */,
				C2809B3810447CB700240716 /* purplepiece2.png in Resources */,
				C2809B3A10447CBC00240716 /* purplepiece1.png in Resources */,
				C2B8FB9C1044A1AE00D36DD3 /* Discard.png in Resources */,
				C2BD27991048C230007F05CB /* grayBox.png in Resources */,
				C2BD279B1048C236007F05CB /* levelText.png in Resources */,
				C2BD27F41048D37A007F05CB /* level6.png in Resources */,
				C2BD27F51048D37A007F05CB /* level11.png in Resources */,
				C2BD27F61048D37A007F05CB /* NumberGrid.png in Resources */,
				C2BD27F71048D37A007F05CB /* level5.png in Resources */,
				C2BD27F81048D37A007F05CB /* level21.png in Resources */,
				C2BD27F91048D37A007F05CB /* level2.png in Resources */,
				C2BD27FA1048D37A007F05CB /* level3.png in Resources */,
				C2BD27FB1048D37A007F05CB /* level4.png in Resources */,
				C2BD27FC1048D37A007F05CB /* level16.png in Resources */,
				C2BD27FD1048D37A007F05CB /* level1.png in Resources */,
				C2BD29631048FEF5007F05CB /* gameBoardGrid.png in Resources */,
				C2BD29651048FF01007F05CB /* rotatedSide.png in Resources */,
				C2BD29821049019E007F05CB /* upsideDownBack.png in Resources */,
				C2BD2984104901D3007F05CB /* rotatedSideRight.png in Resources */,
				C206BD1B104954AC0048B035 /* level27.png in Resources */,
				C206BD1C104954AC0048B035 /* level22.png in Resources */,
				C206BD1D104954AC0048B035 /* level7.png in Resources */,
				C206BD1E104954AC0048B035 /* level15.png in Resources */,
				C206BD1F104954AC0048B035 /* level14.png in Resources */,
				C206BD20104954AC0048B035 /* level20.png in Resources */,
				C206BD21104954AC0048B035 /* level26.png in Resources */,
				C206BD22104954AC0048B035 /* level9.png in Resources */,
				C206BD23104954AC0048B035 /* level13.png in Resources */,
				C206BD24104954AC0048B035 /* level19.png in Resources */,
				C206BD25104954AC0048B035 /* level25.png in Resources */,
				C206BD26104954AC0048B035 /* level30.png in Resources */,
				C206BD27104954AC0048B035 /* level12.png in Resources */,
				C206BD28104954AC0048B035 /* level18.png in Resources */,
				C206BD29104954AC0048B035 /* level24.png in Resources */,
				C206BD2A104954AC0048B035 /* level29.png in Resources */,
				C206BD2B104954AC0048B035 /* level10.png in Resources */,
				C206BD2C104954AC0048B035 /* level17.png in Resources */,
				C206BD2D104954AC0048B035 /* level23.png in Resources */,
				C206BD2E104954AC0048B035 /* level28.png in Resources */,
				C206BD30104954B50048B035 /* level8.png in Resources */,
				C2E26EC3104982080031A17B /* ItemC.png in Resources */,
			);
			runOnlyForDeploymentPostprocessing = 0;
		};
/* End PBXResourcesBuildPhase section */

/* Begin PBXSourcesBuildPhase section */
		1D60588E0D05DD3D006BFB54 /* Sources */ = {
			isa = PBXSourcesBuildPhase;
			buildActionMask = 2147483647;
			files = (
				1D60589B0D05DD56006BFB54 /* main.m in Sources */,
				1D3623260D0F684500981E51 /* Rama_BlocksAppDelegate.m in Sources */,
				28C3AD8A0F43EF2300507BA6 /* Rama_Blocks.xcdatamodel in Sources */,
				FCEF155A102118A800A71C1C /* GameItem.m in Sources */,
				FCEF155D102118F200A71C1C /* Shape.m in Sources */,
				FCEF15601021195F00A71C1C /* PowerItem.m in Sources */,
				FCEF156C102128AF00A71C1C /* ItemPair.m in Sources */,
				FCEF157F10212AB300A71C1C /* Cell.m in Sources */,
				FCEF170210214F0400A71C1C /* Tutorial.m in Sources */,
				FCEF170310214F0400A71C1C /* Options.m in Sources */,
				FCEF170410214F0400A71C1C /* MainMenuViewController.m in Sources */,
				FCEF170510214F0400A71C1C /* GameBoardViewController.m in Sources */,
				FCEF176610215A7400A71C1C /* ItemCollection.m in Sources */,
				FC4366B91024CDA000C1F3BE /* UIImage+Shapes.m in Sources */,
				FCFD28401024F04B000313B3 /* Level.m in Sources */,
				FC0B6AA110251BDE00F1BD5E /* LockShape.m in Sources */,
				FC0B6B7910252C6000F1BD5E /* SoundEffects.m in Sources */,
				FC0B6B7C10252E0A00F1BD5E /* SoundPlayer.m in Sources */,
				FC4072E4102EC451000B40E8 /* LevelSelect.m in Sources */,
				C2B29073103440D2001B31FA /* DrawingView.m in Sources */,
				FC384AC1104C97E400E85205 /* GameState.m in Sources */,
				FC384AC2104C97E400E85205 /* ItemState.m in Sources */,
				FC384AC3104C97E400E85205 /* LevelStatistics.m in Sources */,
				FC384B49104DFB9600E85205 /* BoardState.m in Sources */,
			);
			runOnlyForDeploymentPostprocessing = 0;
		};
/* End PBXSourcesBuildPhase section */

/* Begin XCBuildConfiguration section */
		1D6058940D05DD3E006BFB54 /* Debug */ = {
			isa = XCBuildConfiguration;
			buildSettings = {
				ALWAYS_SEARCH_USER_PATHS = NO;
				COPY_PHASE_STRIP = NO;
				FRAMEWORK_SEARCH_PATHS = (
					"$(inherited)",
					"\"/Volumes/Skiiing2/CD/ViewBased/Unknown Path/System/Library/Frameworks\"",
				);
				GCC_DYNAMIC_NO_PIC = NO;
				GCC_OPTIMIZATION_LEVEL = 0;
				GCC_PRECOMPILE_PREFIX_HEADER = YES;
				GCC_PREFIX_HEADER = Rama_Blocks_Prefix.pch;
				INFOPLIST_FILE = "Rama_Blocks-Info.plist";
				PRODUCT_NAME = "Rama Blocks";
			};
			name = Debug;
		};
		1D6058950D05DD3E006BFB54 /* Release */ = {
			isa = XCBuildConfiguration;
			buildSettings = {
				ALWAYS_SEARCH_USER_PATHS = NO;
				COPY_PHASE_STRIP = YES;
				FRAMEWORK_SEARCH_PATHS = (
					"$(inherited)",
					"\"/Volumes/Skiiing2/CD/ViewBased/Unknown Path/System/Library/Frameworks\"",
				);
				GCC_PRECOMPILE_PREFIX_HEADER = YES;
				GCC_PREFIX_HEADER = Rama_Blocks_Prefix.pch;
				INFOPLIST_FILE = "Rama_Blocks-Info.plist";
				PRODUCT_NAME = "Rama Blocks";
			};
			name = Release;
		};
		C01FCF4F08A954540054247B /* Debug */ = {
			isa = XCBuildConfiguration;
			buildSettings = {
				ARCHS = "$(ARCHS_STANDARD_32_BIT)";
				CODE_SIGN_ENTITLEMENTS = dist.plist;
				"CODE_SIGN_IDENTITY[sdk=iphoneos*]" = "iPhone Developer: Ryan McGarvey (LELSNRL4WS)";
				GCC_C_LANGUAGE_STANDARD = c99;
				GCC_WARN_ABOUT_RETURN_TYPE = YES;
				GCC_WARN_UNUSED_VARIABLE = YES;
				PREBINDING = NO;
				"PROVISIONING_PROFILE[sdk=iphoneos*]" = "40CAC7FF-8704-48D0-923B-BEB6338F2093";
				SDKROOT = iphoneos3.0;
			};
			name = Debug;
		};
		C01FCF5008A954540054247B /* Release */ = {
			isa = XCBuildConfiguration;
			buildSettings = {
				ARCHS = "$(ARCHS_UNIVERSAL_IPHONE_OS)";
				CODE_SIGN_ENTITLEMENTS = dist.plist;
				"CODE_SIGN_IDENTITY[sdk=iphoneos*]" = "iPhone Distribution";
				GCC_C_LANGUAGE_STANDARD = c99;
				GCC_WARN_ABOUT_RETURN_TYPE = YES;
				GCC_WARN_UNUSED_VARIABLE = YES;
				PREBINDING = NO;
				"PROVISIONING_PROFILE[sdk=iphoneos*]" = "";
				SDKROOT = iphoneos3.0;
			};
			name = Release;
		};
/* End XCBuildConfiguration section */

/* Begin XCConfigurationList section */
		1D6058960D05DD3E006BFB54 /* Build configuration list for PBXNativeTarget "Rama Blocks" */ = {
			isa = XCConfigurationList;
			buildConfigurations = (
				1D6058940D05DD3E006BFB54 /* Debug */,
				1D6058950D05DD3E006BFB54 /* Release */,
			);
			defaultConfigurationIsVisible = 0;
			defaultConfigurationName = Debug;
		};
		C01FCF4E08A954540054247B /* Build configuration list for PBXProject "Rama Blocks" */ = {
			isa = XCConfigurationList;
			buildConfigurations = (
				C01FCF4F08A954540054247B /* Debug */,
				C01FCF5008A954540054247B /* Release */,
			);
			defaultConfigurationIsVisible = 0;
			defaultConfigurationName = Debug;
		};
/* End XCConfigurationList section */
	};
	rootObject = 29B97313FDCFA39411CA2CEA /* Project object */;
}
